<?xml version="1.0" encoding="utf-8"?>
<Project ToolsVersion="4.0" xmlns="http://schemas.microsoft.com/developer/msbuild/2003">
  <ItemGroup>
    <Filter Include="源文件">
      <UniqueIdentifier>{4FC737F1-C7A5-4376-A066-2A32D752A2FF}</UniqueIdentifier>
      <Extensions>cpp;c;cc;cxx;c++;cppm;ixx;def;odl;idl;hpj;bat;asm;asmx</Extensions>
    </Filter>
    <Filter Include="头文件">
      <UniqueIdentifier>{93995380-89BD-4b04-88EB-625FBE52EBFB}</UniqueIdentifier>
      <Extensions>h;hh;hpp;hxx;h++;hm;inl;inc;ipp;xsd</Extensions>
    </Filter>
    <Filter Include="资源文件">
      <UniqueIdentifier>{67DA6AB6-F800-4c08-8B7A-83BB121AAD01}</UniqueIdentifier>
      <Extensions>rc;ico;cur;bmp;dlg;rc2;rct;bin;rgs;gif;jpg;jpeg;jpe;resx;tiff;tif;png;wav;mfcribbon-ms</Extensions>
    </Filter>
  </ItemGroup>
  <ItemGroup>
    <ClInclude Include="include\Switch\Switch.System.Windows.Forms.hpp">
      <Filter>头文件</Filter>
    </ClInclude>
    <ClInclude Include="include\Switch\System\ComponentModel\CancelEventArgs.hpp">
      <Filter>头文件</Filter>
    </ClInclude>
    <ClInclude Include="include\Switch\System\ComponentModel\CancelEventHandler.hpp">
      <Filter>头文件</Filter>
    </ClInclude>
    <ClInclude Include="include\Switch\System\ComponentModel\Component.hpp">
      <Filter>头文件</Filter>
    </ClInclude>
    <ClInclude Include="include\Switch\System\ComponentModel\ComponentCollection.hpp">
      <Filter>头文件</Filter>
    </ClInclude>
    <ClInclude Include="include\Switch\System\ComponentModel\EventHandlerList.hpp">
      <Filter>头文件</Filter>
    </ClInclude>
    <ClInclude Include="include\Switch\System\ComponentModel\IComponent.hpp">
      <Filter>头文件</Filter>
    </ClInclude>
    <ClInclude Include="include\Switch\System\ComponentModel\IContainer.hpp">
      <Filter>头文件</Filter>
    </ClInclude>
    <ClInclude Include="include\Switch\System\ComponentModel\ISite.hpp">
      <Filter>头文件</Filter>
    </ClInclude>
    <ClInclude Include="include\Switch\System\Windows\Forms\AccessibleEvents.hpp">
      <Filter>头文件</Filter>
    </ClInclude>
    <ClInclude Include="include\Switch\System\Windows\Forms\AccessibleNavigation.hpp">
      <Filter>头文件</Filter>
    </ClInclude>
    <ClInclude Include="include\Switch\System\Windows\Forms\AccessibleRole.hpp">
      <Filter>头文件</Filter>
    </ClInclude>
    <ClInclude Include="include\Switch\System\Windows\Forms\AnchorStyles.hpp">
      <Filter>头文件</Filter>
    </ClInclude>
    <ClInclude Include="include\Switch\System\Windows\Forms\Application.hpp">
      <Filter>头文件</Filter>
    </ClInclude>
    <ClInclude Include="include\Switch\System\Windows\Forms\ArrangeDirection.hpp">
      <Filter>头文件</Filter>
    </ClInclude>
    <ClInclude Include="include\Switch\System\Windows\Forms\ArrangeStartingPosition.hpp">
      <Filter>头文件</Filter>
    </ClInclude>
    <ClInclude Include="include\Switch\System\Windows\Forms\AutoSizeMode.hpp">
      <Filter>头文件</Filter>
    </ClInclude>
    <ClInclude Include="include\Switch\System\Windows\Forms\BootMode.hpp">
      <Filter>头文件</Filter>
    </ClInclude>
    <ClInclude Include="include\Switch\System\Windows\Forms\BorderStyle.hpp">
      <Filter>头文件</Filter>
    </ClInclude>
    <ClInclude Include="include\Switch\System\Windows\Forms\Button.hpp">
      <Filter>头文件</Filter>
    </ClInclude>
    <ClInclude Include="include\Switch\System\Windows\Forms\ButtonBase.hpp">
      <Filter>头文件</Filter>
    </ClInclude>
    <ClInclude Include="include\Switch\System\Windows\Forms\CheckBox.hpp">
      <Filter>头文件</Filter>
    </ClInclude>
    <ClInclude Include="include\Switch\System\Windows\Forms\CheckState.hpp">
      <Filter>头文件</Filter>
    </ClInclude>
    <ClInclude Include="include\Switch\System\Windows\Forms\CloseReason.hpp">
      <Filter>头文件</Filter>
    </ClInclude>
    <ClInclude Include="include\Switch\System\Windows\Forms\ContainerControl.hpp">
      <Filter>头文件</Filter>
    </ClInclude>
    <ClInclude Include="include\Switch\System\Windows\Forms\Control.hpp">
      <Filter>头文件</Filter>
    </ClInclude>
    <ClInclude Include="include\Switch\System\Windows\Forms\ControlEventArgs.hpp">
      <Filter>头文件</Filter>
    </ClInclude>
    <ClInclude Include="include\Switch\System\Windows\Forms\ControlEventHandler.hpp">
      <Filter>头文件</Filter>
    </ClInclude>
    <ClInclude Include="include\Switch\System\Windows\Forms\ControlStyles.hpp">
      <Filter>头文件</Filter>
    </ClInclude>
    <ClInclude Include="include\Switch\System\Windows\Forms\DataFormats.hpp">
      <Filter>头文件</Filter>
    </ClInclude>
    <ClInclude Include="include\Switch\System\Windows\Forms\DialogResult.hpp">
      <Filter>头文件</Filter>
    </ClInclude>
    <ClInclude Include="include\Switch\System\Windows\Forms\DockStyle.hpp">
      <Filter>头文件</Filter>
    </ClInclude>
    <ClInclude Include="include\Switch\System\Windows\Forms\DragDropEffects.hpp">
      <Filter>头文件</Filter>
    </ClInclude>
    <ClInclude Include="include\Switch\System\Windows\Forms\DragEventArgs.hpp">
      <Filter>头文件</Filter>
    </ClInclude>
    <ClInclude Include="include\Switch\System\Windows\Forms\DragEventHandler.hpp">
      <Filter>头文件</Filter>
    </ClInclude>
    <ClInclude Include="include\Switch\System\Windows\Forms\Form.hpp">
      <Filter>头文件</Filter>
    </ClInclude>
    <ClInclude Include="include\Switch\System\Windows\Forms\FormBorderStyle.hpp">
      <Filter>头文件</Filter>
    </ClInclude>
    <ClInclude Include="include\Switch\System\Windows\Forms\FormClosedEventArgs.hpp">
      <Filter>头文件</Filter>
    </ClInclude>
    <ClInclude Include="include\Switch\System\Windows\Forms\FormClosedEventHandler.hpp">
      <Filter>头文件</Filter>
    </ClInclude>
    <ClInclude Include="include\Switch\System\Windows\Forms\FormClosingEventArgs.hpp">
      <Filter>头文件</Filter>
    </ClInclude>
    <ClInclude Include="include\Switch\System\Windows\Forms\FormClosingEventHandler.hpp">
      <Filter>头文件</Filter>
    </ClInclude>
    <ClInclude Include="include\Switch\System\Windows\Forms\FormStartPosition.hpp">
      <Filter>头文件</Filter>
    </ClInclude>
    <ClInclude Include="include\Switch\System\Windows\Forms\GiveFeedbackEventArgs.hpp">
      <Filter>头文件</Filter>
    </ClInclude>
    <ClInclude Include="include\Switch\System\Windows\Forms\GiveFeedbackEventHandler.hpp">
      <Filter>头文件</Filter>
    </ClInclude>
    <ClInclude Include="include\Switch\System\Windows\Forms\GroupBox.hpp">
      <Filter>头文件</Filter>
    </ClInclude>
    <ClInclude Include="include\Switch\System\Windows\Forms\HelpEventArgs.hpp">
      <Filter>头文件</Filter>
    </ClInclude>
    <ClInclude Include="include\Switch\System\Windows\Forms\HelpEventHandler.hpp">
      <Filter>头文件</Filter>
    </ClInclude>
    <ClInclude Include="include\Switch\System\Windows\Forms\IDataObject.hpp">
      <Filter>头文件</Filter>
    </ClInclude>
    <ClInclude Include="include\Switch\System\Windows\Forms\ImageLayout.hpp">
      <Filter>头文件</Filter>
    </ClInclude>
    <ClInclude Include="include\Switch\System\Windows\Forms\InvalidateEventArgs.hpp">
      <Filter>头文件</Filter>
    </ClInclude>
    <ClInclude Include="include\Switch\System\Windows\Forms\InvalidateEventHandler.hpp">
      <Filter>头文件</Filter>
    </ClInclude>
    <ClInclude Include="include\Switch\System\Windows\Forms\KeyEventArgs.hpp">
      <Filter>头文件</Filter>
    </ClInclude>
    <ClInclude Include="include\Switch\System\Windows\Forms\KeyEventHandler.hpp">
      <Filter>头文件</Filter>
    </ClInclude>
    <ClInclude Include="include\Switch\System\Windows\Forms\KeyPressEventArgs.hpp">
      <Filter>头文件</Filter>
    </ClInclude>
    <ClInclude Include="include\Switch\System\Windows\Forms\KeyPressEventHandler.hpp">
      <Filter>头文件</Filter>
    </ClInclude>
    <ClInclude Include="include\Switch\System\Windows\Forms\Keys.hpp">
      <Filter>头文件</Filter>
    </ClInclude>
    <ClInclude Include="include\Switch\System\Windows\Forms\Label.hpp">
      <Filter>头文件</Filter>
    </ClInclude>
    <ClInclude Include="include\Switch\System\Windows\Forms\ListControl.hpp">
      <Filter>头文件</Filter>
    </ClInclude>
    <ClInclude Include="include\Switch\System\Windows\Forms\Message.hpp">
      <Filter>头文件</Filter>
    </ClInclude>
    <ClInclude Include="include\Switch\System\Windows\Forms\MessageBox.hpp">
      <Filter>头文件</Filter>
    </ClInclude>
    <ClInclude Include="include\Switch\System\Windows\Forms\MessageBoxButtons.hpp">
      <Filter>头文件</Filter>
    </ClInclude>
    <ClInclude Include="include\Switch\System\Windows\Forms\MessageBoxDefaultButton.hpp">
      <Filter>头文件</Filter>
    </ClInclude>
    <ClInclude Include="include\Switch\System\Windows\Forms\MessageBoxIcon.hpp">
      <Filter>头文件</Filter>
    </ClInclude>
    <ClInclude Include="include\Switch\System\Windows\Forms\MessageBoxOptions.hpp">
      <Filter>头文件</Filter>
    </ClInclude>
    <ClInclude Include="include\Switch\System\Windows\Forms\MethodInvoker.hpp">
      <Filter>头文件</Filter>
    </ClInclude>
    <ClInclude Include="include\Switch\System\Windows\Forms\MouseButtons.hpp">
      <Filter>头文件</Filter>
    </ClInclude>
    <ClInclude Include="include\Switch\System\Windows\Forms\MouseEventArgs.hpp">
      <Filter>头文件</Filter>
    </ClInclude>
    <ClInclude Include="include\Switch\System\Windows\Forms\MouseEventHandler.hpp">
      <Filter>头文件</Filter>
    </ClInclude>
    <ClInclude Include="include\Switch\System\Windows\Forms\Orientation.hpp">
      <Filter>头文件</Filter>
    </ClInclude>
    <ClInclude Include="include\Switch\System\Windows\Forms\PaintEventArgs.hpp">
      <Filter>头文件</Filter>
    </ClInclude>
    <ClInclude Include="include\Switch\System\Windows\Forms\PaintEventHandler.hpp">
      <Filter>头文件</Filter>
    </ClInclude>
    <ClInclude Include="include\Switch\System\Windows\Forms\Panel.hpp">
      <Filter>头文件</Filter>
    </ClInclude>
    <ClInclude Include="include\Switch\System\Windows\Forms\ProgressBar.hpp">
      <Filter>头文件</Filter>
    </ClInclude>
    <ClInclude Include="include\Switch\System\Windows\Forms\ProgressBarStyle.hpp">
      <Filter>头文件</Filter>
    </ClInclude>
    <ClInclude Include="include\Switch\System\Windows\Forms\RadioButton.hpp">
      <Filter>头文件</Filter>
    </ClInclude>
    <ClInclude Include="include\Switch\System\Windows\Forms\ScrollableControl.hpp">
      <Filter>头文件</Filter>
    </ClInclude>
    <ClInclude Include="include\Switch\System\Windows\Forms\Shortcut.hpp">
      <Filter>头文件</Filter>
    </ClInclude>
    <ClInclude Include="include\Switch\System\Windows\Forms\SystemInformation.hpp">
      <Filter>头文件</Filter>
    </ClInclude>
    <ClInclude Include="include\Switch\System\Windows\Forms\TabAlignment.hpp">
      <Filter>头文件</Filter>
    </ClInclude>
    <ClInclude Include="include\Switch\System\Windows\Forms\TabControl.hpp">
      <Filter>头文件</Filter>
    </ClInclude>
    <ClInclude Include="include\Switch\System\Windows\Forms\TabPage.hpp">
      <Filter>头文件</Filter>
    </ClInclude>
    <ClInclude Include="include\Switch\System\Windows\Forms\TickStyle.hpp">
      <Filter>头文件</Filter>
    </ClInclude>
    <ClInclude Include="include\Switch\System\Windows\Forms\Timer.hpp">
      <Filter>头文件</Filter>
    </ClInclude>
    <ClInclude Include="include\Switch\System\Windows\Forms\TrackBar.hpp">
      <Filter>头文件</Filter>
    </ClInclude>
    <ClInclude Include="include\Switch\System\Windows\Forms\UICues.hpp">
      <Filter>头文件</Filter>
    </ClInclude>
    <ClInclude Include="include\Switch\System\Windows\Forms\UICuesEventArgs.hpp">
      <Filter>头文件</Filter>
    </ClInclude>
    <ClInclude Include="include\Switch\System\Windows\Forms\UICuesEventHandler.hpp">
      <Filter>头文件</Filter>
    </ClInclude>
    <ClInclude Include="include\Switch\System\Windows\Forms\VisualStyles\VisualStyleState.hpp">
      <Filter>头文件</Filter>
    </ClInclude>
    <ClInclude Include="include\Switch\SystemWindowsFormsExport.hpp">
      <Filter>头文件</Filter>
    </ClInclude>
    <ClInclude Include="src\Native\Api.hpp">
      <Filter>头文件</Filter>
    </ClInclude>
    <ClInclude Include="src\Native\WidgetCocoa.hpp">
      <Filter>头文件</Filter>
    </ClInclude>
    <ClInclude Include="src\Native\WidgetGtk.hpp">
      <Filter>头文件</Filter>
    </ClInclude>
    <ClInclude Include="src\Native\WindowMessage.hpp">
      <Filter>头文件</Filter>
    </ClInclude>
    <ClInclude Include="src\Native\WindowMessageKey.hpp">
      <Filter>头文件</Filter>
    </ClInclude>
    <ClInclude Include="src\Native\WindowProcedureApiCocoa.hpp">
      <Filter>头文件</Filter>
    </ClInclude>
    <ClInclude Include="src\Native\WindowProcedureApiWin32.hpp">
      <Filter>头文件</Filter>
    </ClInclude>
  </ItemGroup>
  <ItemGroup>
    <ClCompile Include="src\Native\ApplicationApiGtk.cpp">
      <Filter>源文件</Filter>
    </ClCompile>
    <ClCompile Include="src\Native\ApplicationApiWin32.cpp">
      <Filter>源文件</Filter>
    </ClCompile>
    <ClCompile Include="src\Native\ButtonApiGtk.cpp">
      <Filter>源文件</Filter>
    </ClCompile>
    <ClCompile Include="src\Native\ButtonApiWin32.cpp">
      <Filter>源文件</Filter>
    </ClCompile>
    <ClCompile Include="src\Native\CheckBoxApiGtk.cpp">
      <Filter>源文件</Filter>
    </ClCompile>
    <ClCompile Include="src\Native\CheckBoxApiWin32.cpp">
      <Filter>源文件</Filter>
    </ClCompile>
    <ClCompile Include="src\Native\ControlApiGtk.cpp">
      <Filter>源文件</Filter>
    </ClCompile>
    <ClCompile Include="src\Native\ControlApiWin32.cpp">
      <Filter>源文件</Filter>
    </ClCompile>
    <ClCompile Include="src\Native\FormApiGtk.cpp">
      <Filter>源文件</Filter>
    </ClCompile>
    <ClCompile Include="src\Native\FormApiWin32.cpp">
      <Filter>源文件</Filter>
    </ClCompile>
    <ClCompile Include="src\Native\GroupBoxApiGtk.cpp">
      <Filter>源文件</Filter>
    </ClCompile>
    <ClCompile Include="src\Native\GroupBoxApiWin32.cpp">
      <Filter>源文件</Filter>
    </ClCompile>
    <ClCompile Include="src\Native\LabelApiGtk.cpp">
      <Filter>源文件</Filter>
    </ClCompile>
    <ClCompile Include="src\Native\LabelApiWin32.cpp">
      <Filter>源文件</Filter>
    </ClCompile>
    <ClCompile Include="src\Native\PanelApiGtk.cpp">
      <Filter>源文件</Filter>
    </ClCompile>
    <ClCompile Include="src\Native\PanelApiWin32.cpp">
      <Filter>源文件</Filter>
    </ClCompile>
    <ClCompile Include="src\Native\ProgressBarApiGtk.cpp">
      <Filter>源文件</Filter>
    </ClCompile>
    <ClCompile Include="src\Native\ProgressBarApiWin32.cpp">
      <Filter>源文件</Filter>
    </ClCompile>
    <ClCompile Include="src\Native\RadioButtonApiGtk.cpp">
      <Filter>源文件</Filter>
    </ClCompile>
    <ClCompile Include="src\Native\RadioButtonApiWin32.cpp">
      <Filter>源文件</Filter>
    </ClCompile>
    <ClCompile Include="src\Native\SystemInformationApiGtk.cpp">
      <Filter>源文件</Filter>
    </ClCompile>
    <ClCompile Include="src\Native\SystemInformationApiWin32.cpp">
      <Filter>源文件</Filter>
    </ClCompile>
    <ClCompile Include="src\Native\TabControlApiGtk.cpp">
      <Filter>源文件</Filter>
    </ClCompile>
    <ClCompile Include="src\Native\TabControlApiWin32.cpp">
      <Filter>源文件</Filter>
    </ClCompile>
    <ClCompile Include="src\Native\TabPageApiGtk.cpp">
      <Filter>源文件</Filter>
    </ClCompile>
    <ClCompile Include="src\Native\TabPageApiWin32.cpp">
      <Filter>源文件</Filter>
    </ClCompile>
    <ClCompile Include="src\Native\TimerApiGtk.cpp">
      <Filter>源文件</Filter>
    </ClCompile>
    <ClCompile Include="src\Native\TimerApiWin32.cpp">
      <Filter>源文件</Filter>
    </ClCompile>
    <ClCompile Include="src\Native\TrackBarApiGtk.cpp">
      <Filter>源文件</Filter>
    </ClCompile>
    <ClCompile Include="src\Native\TrackBarApiWin32.cpp">
      <Filter>源文件</Filter>
    </ClCompile>
    <ClCompile Include="src\Native\WindowProcedureApiWin32.cpp">
      <Filter>源文件</Filter>
    </ClCompile>
    <ClCompile Include="src\Switch\Switch.System.Windows.Forms.cpp">
      <Filter>源文件</Filter>
    </ClCompile>
    <ClCompile Include="src\Switch\System\Windows\Forms\Application.cpp">
      <Filter>源文件</Filter>
    </ClCompile>
    <ClCompile Include="src\Switch\System\Windows\Forms\Button.cpp">
      <Filter>源文件</Filter>
    </ClCompile>
    <ClCompile Include="src\Switch\System\Windows\Forms\CheckBox.cpp">
      <Filter>源文件</Filter>
    </ClCompile>
    <ClCompile Include="src\Switch\System\Windows\Forms\Control.cpp">
      <Filter>源文件</Filter>
    </ClCompile>
    <ClCompile Include="src\Switch\System\Windows\Forms\Form.cpp">
      <Filter>源文件</Filter>
    </ClCompile>
    <ClCompile Include="src\Switch\System\Windows\Forms\GroupBox.cpp">
      <Filter>源文件</Filter>
    </ClCompile>
    <ClCompile Include="src\Switch\System\Windows\Forms\Label.cpp">
      <Filter>源文件</Filter>
    </ClCompile>
    <ClCompile Include="src\Switch\System\Windows\Forms\Message.cpp">
      <Filter>源文件</Filter>
    </ClCompile>
    <ClCompile Include="src\Switch\System\Windows\Forms\MessageBox.cpp">
      <Filter>源文件</Filter>
    </ClCompile>
    <ClCompile Include="src\Switch\System\Windows\Forms\Panel.cpp">
      <Filter>源文件</Filter>
    </ClCompile>
    <ClCompile Include="src\Switch\System\Windows\Forms\ProgressBar.cpp">
      <Filter>源文件</Filter>
    </ClCompile>
    <ClCompile Include="src\Switch\System\Windows\Forms\RadioButton.cpp">
      <Filter>源文件</Filter>
    </ClCompile>
    <ClCompile Include="src\Switch\System\Windows\Forms\SystemInformation.cpp">
      <Filter>源文件</Filter>
    </ClCompile>
    <ClCompile Include="src\Switch\System\Windows\Forms\TabControl.cpp">
      <Filter>源文件</Filter>
    </ClCompile>
    <ClCompile Include="src\Switch\System\Windows\Forms\TabPage.cpp">
      <Filter>源文件</Filter>
    </ClCompile>
    <ClCompile Include="src\Switch\System\Windows\Forms\Timer.cpp">
      <Filter>源文件</Filter>
    </ClCompile>
    <ClCompile Include="src\Switch\System\Windows\Forms\TrackBar.cpp">
      <Filter>源文件</Filter>
    </ClCompile>
  </ItemGroup>
</Project>