<?xml version="1.0" encoding="utf-8"?>
<Project ToolsVersion="4.0" xmlns="http://schemas.microsoft.com/developer/msbuild/2003">
  <ItemGroup>
    <Filter Include="源文件">
      <UniqueIdentifier>{4FC737F1-C7A5-4376-A066-2A32D752A2FF}</UniqueIdentifier>
      <Extensions>cpp;c;cc;cxx;c++;cppm;ixx;def;odl;idl;hpj;bat;asm;asmx</Extensions>
    </Filter>
    <Filter Include="头文件">
      <UniqueIdentifier>{93995380-89BD-4b04-88EB-625FBE52EBFB}</UniqueIdentifier>
      <Extensions>h;hh;hpp;hxx;h++;hm;inl;inc;ipp;xsd</Extensions>
    </Filter>
    <Filter Include="资源文件">
      <UniqueIdentifier>{67DA6AB6-F800-4c08-8B7A-83BB121AAD01}</UniqueIdentifier>
      <Extensions>rc;ico;cur;bmp;dlg;rc2;rct;bin;rgs;gif;jpg;jpeg;jpe;resx;tiff;tif;png;wav;mfcribbon-ms</Extensions>
    </Filter>
  </ItemGroup>
  <ItemGroup>
    <ClInclude Include="include\Switch\Switch.System.Drawing.hpp">
      <Filter>头文件</Filter>
    </ClInclude>
    <ClInclude Include="include\Switch\System\Drawing\Bitmap.hpp">
      <Filter>头文件</Filter>
    </ClInclude>
    <ClInclude Include="include\Switch\System\Drawing\Brush.hpp">
      <Filter>头文件</Filter>
    </ClInclude>
    <ClInclude Include="include\Switch\System\Drawing\CharacterRange.hpp">
      <Filter>头文件</Filter>
    </ClInclude>
    <ClInclude Include="include\Switch\System\Drawing\Color.hpp">
      <Filter>头文件</Filter>
    </ClInclude>
    <ClInclude Include="include\Switch\System\Drawing\ContentAlignment.hpp">
      <Filter>头文件</Filter>
    </ClInclude>
    <ClInclude Include="include\Switch\System\Drawing\Drawing2D\DashStyle.hpp">
      <Filter>头文件</Filter>
    </ClInclude>
    <ClInclude Include="include\Switch\System\Drawing\Font.hpp">
      <Filter>头文件</Filter>
    </ClInclude>
    <ClInclude Include="include\Switch\System\Drawing\FontFamily.hpp">
      <Filter>头文件</Filter>
    </ClInclude>
    <ClInclude Include="include\Switch\System\Drawing\FontStyle.hpp">
      <Filter>头文件</Filter>
    </ClInclude>
    <ClInclude Include="include\Switch\System\Drawing\Graphics.hpp">
      <Filter>头文件</Filter>
    </ClInclude>
    <ClInclude Include="include\Switch\System\Drawing\GraphicsUnit.hpp">
      <Filter>头文件</Filter>
    </ClInclude>
    <ClInclude Include="include\Switch\System\Drawing\Image.hpp">
      <Filter>头文件</Filter>
    </ClInclude>
    <ClInclude Include="include\Switch\System\Drawing\Imaging\ColorPalette.hpp">
      <Filter>头文件</Filter>
    </ClInclude>
    <ClInclude Include="include\Switch\System\Drawing\Imaging\FrameDimension.hpp">
      <Filter>头文件</Filter>
    </ClInclude>
    <ClInclude Include="include\Switch\System\Drawing\Imaging\ImageFlags.hpp">
      <Filter>头文件</Filter>
    </ClInclude>
    <ClInclude Include="include\Switch\System\Drawing\Imaging\ImageFormat.hpp">
      <Filter>头文件</Filter>
    </ClInclude>
    <ClInclude Include="include\Switch\System\Drawing\Imaging\PixelFormat.hpp">
      <Filter>头文件</Filter>
    </ClInclude>
    <ClInclude Include="include\Switch\System\Drawing\KnownColor.hpp">
      <Filter>头文件</Filter>
    </ClInclude>
    <ClInclude Include="include\Switch\System\Drawing\Pen.hpp">
      <Filter>头文件</Filter>
    </ClInclude>
    <ClInclude Include="include\Switch\System\Drawing\Point.hpp">
      <Filter>头文件</Filter>
    </ClInclude>
    <ClInclude Include="include\Switch\System\Drawing\PointF.hpp">
      <Filter>头文件</Filter>
    </ClInclude>
    <ClInclude Include="include\Switch\System\Drawing\Rectangle.hpp">
      <Filter>头文件</Filter>
    </ClInclude>
    <ClInclude Include="include\Switch\System\Drawing\RectangleF.hpp">
      <Filter>头文件</Filter>
    </ClInclude>
    <ClInclude Include="include\Switch\System\Drawing\Size.hpp">
      <Filter>头文件</Filter>
    </ClInclude>
    <ClInclude Include="include\Switch\System\Drawing\SizeF.hpp">
      <Filter>头文件</Filter>
    </ClInclude>
    <ClInclude Include="include\Switch\System\Drawing\SolidBrush.hpp">
      <Filter>头文件</Filter>
    </ClInclude>
    <ClInclude Include="include\Switch\System\Drawing\SystemColors.hpp">
      <Filter>头文件</Filter>
    </ClInclude>
    <ClInclude Include="include\Switch\System\Drawing\Text\FontCollection.hpp">
      <Filter>头文件</Filter>
    </ClInclude>
    <ClInclude Include="include\Switch\System\Drawing\Text\GenericFontFamilies.hpp">
      <Filter>头文件</Filter>
    </ClInclude>
    <ClInclude Include="include\Switch\System\Drawing\Text\InstalledFontCollection.hpp">
      <Filter>头文件</Filter>
    </ClInclude>
    <ClInclude Include="include\Switch\SystemDrawingExport.hpp">
      <Filter>头文件</Filter>
    </ClInclude>
    <ClInclude Include="src\Native\Api.hpp">
      <Filter>头文件</Filter>
    </ClInclude>
    <ClInclude Include="src\Switch\System\Drawing\Bmp.hpp">
      <Filter>头文件</Filter>
    </ClInclude>
    <ClInclude Include="src\Switch\System\Drawing\Gif.hpp">
      <Filter>头文件</Filter>
    </ClInclude>
    <ClInclude Include="src\Switch\System\Drawing\Jpg.hpp">
      <Filter>头文件</Filter>
    </ClInclude>
    <ClInclude Include="src\Switch\System\Drawing\Png.hpp">
      <Filter>头文件</Filter>
    </ClInclude>
    <ClInclude Include="src\Switch\System\Drawing\Tif.hpp">
      <Filter>头文件</Filter>
    </ClInclude>
  </ItemGroup>
  <ItemGroup>
    <ClCompile Include="src\Native\BrushApiGtk.cpp">
      <Filter>源文件</Filter>
    </ClCompile>
    <ClCompile Include="src\Native\BrushApiWin32.cpp">
      <Filter>源文件</Filter>
    </ClCompile>
    <ClCompile Include="src\Native\FontFamilyApiGtk.cpp">
      <Filter>源文件</Filter>
    </ClCompile>
    <ClCompile Include="src\Native\FontFamilyApiWin32.cpp">
      <Filter>源文件</Filter>
    </ClCompile>
    <ClCompile Include="src\Native\GdiApiGtk.cpp">
      <Filter>源文件</Filter>
    </ClCompile>
    <ClCompile Include="src\Native\GdiApiWin32.cpp">
      <Filter>源文件</Filter>
    </ClCompile>
    <ClCompile Include="src\Native\PenApiGtk.cpp">
      <Filter>源文件</Filter>
    </ClCompile>
    <ClCompile Include="src\Native\PenApiWin32.cpp">
      <Filter>源文件</Filter>
    </ClCompile>
    <ClCompile Include="src\Native\SystemColorsApiGtk.cpp">
      <Filter>源文件</Filter>
    </ClCompile>
    <ClCompile Include="src\Native\SystemColorsApiWin32.cpp">
      <Filter>源文件</Filter>
    </ClCompile>
    <ClCompile Include="src\Switch\Switch.System.Drawing.cpp">
      <Filter>源文件</Filter>
    </ClCompile>
    <ClCompile Include="src\Switch\System\Drawing\Brush.cpp">
      <Filter>源文件</Filter>
    </ClCompile>
    <ClCompile Include="src\Switch\System\Drawing\Color.cpp">
      <Filter>源文件</Filter>
    </ClCompile>
    <ClCompile Include="src\Switch\System\Drawing\Font.cpp">
      <Filter>源文件</Filter>
    </ClCompile>
    <ClCompile Include="src\Switch\System\Drawing\FontFamily.cpp">
      <Filter>源文件</Filter>
    </ClCompile>
    <ClCompile Include="src\Switch\System\Drawing\Graphics.cpp">
      <Filter>源文件</Filter>
    </ClCompile>
    <ClCompile Include="src\Switch\System\Drawing\Image.cpp">
      <Filter>源文件</Filter>
    </ClCompile>
    <ClCompile Include="src\Switch\System\Drawing\Imaging\FrameDimension.cpp">
      <Filter>源文件</Filter>
    </ClCompile>
    <ClCompile Include="src\Switch\System\Drawing\Imaging\ImageFormat.cpp">
      <Filter>源文件</Filter>
    </ClCompile>
    <ClCompile Include="src\Switch\System\Drawing\Pen.cpp">
      <Filter>源文件</Filter>
    </ClCompile>
    <ClCompile Include="src\Switch\System\Drawing\Point.cpp">
      <Filter>源文件</Filter>
    </ClCompile>
    <ClCompile Include="src\Switch\System\Drawing\PointF.cpp">
      <Filter>源文件</Filter>
    </ClCompile>
    <ClCompile Include="src\Switch\System\Drawing\Rectangle.cpp">
      <Filter>源文件</Filter>
    </ClCompile>
    <ClCompile Include="src\Switch\System\Drawing\RectangleF.cpp">
      <Filter>源文件</Filter>
    </ClCompile>
    <ClCompile Include="src\Switch\System\Drawing\Size.cpp">
      <Filter>源文件</Filter>
    </ClCompile>
    <ClCompile Include="src\Switch\System\Drawing\SizeF.cpp">
      <Filter>源文件</Filter>
    </ClCompile>
    <ClCompile Include="src\Switch\System\Drawing\SolidBrush.cpp">
      <Filter>源文件</Filter>
    </ClCompile>
    <ClCompile Include="src\Switch\System\Drawing\SystemColors.cpp">
      <Filter>源文件</Filter>
    </ClCompile>
    <ClCompile Include="src\Switch\System\Drawing\Text\FontCollection.cpp">
      <Filter>源文件</Filter>
    </ClCompile>
    <ClCompile Include="src\Switch\System\Drawing\Text\InstalledFontCollection.cpp">
      <Filter>源文件</Filter>
    </ClCompile>
  </ItemGroup>
</Project>