<?xml version="1.0" encoding="utf-8"?>
<Project ToolsVersion="4.0" xmlns="http://schemas.microsoft.com/developer/msbuild/2003">
  <ItemGroup>
    <Filter Include="源文件">
      <UniqueIdentifier>{4FC737F1-C7A5-4376-A066-2A32D752A2FF}</UniqueIdentifier>
      <Extensions>cpp;c;cc;cxx;c++;cppm;ixx;def;odl;idl;hpj;bat;asm;asmx</Extensions>
    </Filter>
    <Filter Include="头文件">
      <UniqueIdentifier>{93995380-89BD-4b04-88EB-625FBE52EBFB}</UniqueIdentifier>
      <Extensions>h;hh;hpp;hxx;h++;hm;inl;inc;ipp;xsd</Extensions>
    </Filter>
    <Filter Include="资源文件">
      <UniqueIdentifier>{67DA6AB6-F800-4c08-8B7A-83BB121AAD01}</UniqueIdentifier>
      <Extensions>rc;ico;cur;bmp;dlg;rc2;rct;bin;rgs;gif;jpg;jpeg;jpe;resx;tiff;tif;png;wav;mfcribbon-ms</Extensions>
    </Filter>
  </ItemGroup>
  <ItemGroup>
    <ClInclude Include="include\Switch\Abstract.hpp">
      <Filter>头文件</Filter>
    </ClInclude>
    <ClInclude Include="include\Switch\Allocator.hpp">
      <Filter>头文件</Filter>
    </ClInclude>
    <ClInclude Include="include\Switch\Any.hpp">
      <Filter>头文件</Filter>
    </ClInclude>
    <ClInclude Include="include\Switch\As.hpp">
      <Filter>头文件</Filter>
    </ClInclude>
    <ClInclude Include="include\Switch\Async.hpp">
      <Filter>头文件</Filter>
    </ClInclude>
    <ClInclude Include="include\Switch\Await.hpp">
      <Filter>头文件</Filter>
    </ClInclude>
    <ClInclude Include="include\Switch\Boxing.hpp">
      <Filter>头文件</Filter>
    </ClInclude>
    <ClInclude Include="include\Switch\CoreExport.hpp">
      <Filter>头文件</Filter>
    </ClInclude>
    <ClInclude Include="include\Switch\Event.hpp">
      <Filter>头文件</Filter>
    </ClInclude>
    <ClInclude Include="include\Switch\ExceptionPtr.hpp">
      <Filter>头文件</Filter>
    </ClInclude>
    <ClInclude Include="include\Switch\Export.hpp">
      <Filter>头文件</Filter>
    </ClInclude>
    <ClInclude Include="include\Switch\GetHashCode.hpp">
      <Filter>头文件</Filter>
    </ClInclude>
    <ClInclude Include="include\Switch\InitializerList.hpp">
      <Filter>头文件</Filter>
    </ClInclude>
    <ClInclude Include="include\Switch\Interface.hpp">
      <Filter>头文件</Filter>
    </ClInclude>
    <ClInclude Include="include\Switch\Is.hpp">
      <Filter>头文件</Filter>
    </ClInclude>
    <ClInclude Include="include\Switch\LiteralOperatorConverter.hpp">
      <Filter>头文件</Filter>
    </ClInclude>
    <ClInclude Include="include\Switch\Lock.hpp">
      <Filter>头文件</Filter>
    </ClInclude>
    <ClInclude Include="include\Switch\Microsoft\Win32\Registry.hpp">
      <Filter>头文件</Filter>
    </ClInclude>
    <ClInclude Include="include\Switch\Microsoft\Win32\RegistryHive.hpp">
      <Filter>头文件</Filter>
    </ClInclude>
    <ClInclude Include="include\Switch\Microsoft\Win32\RegistryKey.hpp">
      <Filter>头文件</Filter>
    </ClInclude>
    <ClInclude Include="include\Switch\Microsoft\Win32\RegistryKeyPermissionCheck.hpp">
      <Filter>头文件</Filter>
    </ClInclude>
    <ClInclude Include="include\Switch\Microsoft\Win32\RegistryOptions.hpp">
      <Filter>头文件</Filter>
    </ClInclude>
    <ClInclude Include="include\Switch\Microsoft\Win32\RegistryValueKind.hpp">
      <Filter>头文件</Filter>
    </ClInclude>
    <ClInclude Include="include\Switch\Microsoft\Win32\RegistryValueOptions.hpp">
      <Filter>头文件</Filter>
    </ClInclude>
    <ClInclude Include="include\Switch\Move.hpp">
      <Filter>头文件</Filter>
    </ClInclude>
    <ClInclude Include="include\Switch\Nameof.hpp">
      <Filter>头文件</Filter>
    </ClInclude>
    <ClInclude Include="include\Switch\NullPtr.hpp">
      <Filter>头文件</Filter>
    </ClInclude>
    <ClInclude Include="include\Switch\Property.hpp">
      <Filter>头文件</Filter>
    </ClInclude>
    <ClInclude Include="include\Switch\Ref.hpp">
      <Filter>头文件</Filter>
    </ClInclude>
    <ClInclude Include="include\Switch\RefPtr.hpp">
      <Filter>头文件</Filter>
    </ClInclude>
    <ClInclude Include="include\Switch\Startup.hpp">
      <Filter>头文件</Filter>
    </ClInclude>
    <ClInclude Include="include\Switch\Static.hpp">
      <Filter>头文件</Filter>
    </ClInclude>
    <ClInclude Include="include\Switch\Switch.Core.hpp">
      <Filter>头文件</Filter>
    </ClInclude>
    <ClInclude Include="include\Switch\Switch.System.Core.hpp">
      <Filter>头文件</Filter>
    </ClInclude>
    <ClInclude Include="include\Switch\System\AccessViolationException.hpp">
      <Filter>头文件</Filter>
    </ClInclude>
    <ClInclude Include="include\Switch\System\Action.hpp">
      <Filter>头文件</Filter>
    </ClInclude>
    <ClInclude Include="include\Switch\System\AggregateException.hpp">
      <Filter>头文件</Filter>
    </ClInclude>
    <ClInclude Include="include\Switch\System\AppDomainUnloadedException.hpp">
      <Filter>头文件</Filter>
    </ClInclude>
    <ClInclude Include="include\Switch\System\ApplicationException.hpp">
      <Filter>头文件</Filter>
    </ClInclude>
    <ClInclude Include="include\Switch\System\ArgumentException.hpp">
      <Filter>头文件</Filter>
    </ClInclude>
    <ClInclude Include="include\Switch\System\ArgumentNullException.hpp">
      <Filter>头文件</Filter>
    </ClInclude>
    <ClInclude Include="include\Switch\System\ArgumentOutOfRangeException.hpp">
      <Filter>头文件</Filter>
    </ClInclude>
    <ClInclude Include="include\Switch\System\ArithmeticException.hpp">
      <Filter>头文件</Filter>
    </ClInclude>
    <ClInclude Include="include\Switch\System\Array.hpp">
      <Filter>头文件</Filter>
    </ClInclude>
    <ClInclude Include="include\Switch\System\ArraySegment.hpp">
      <Filter>头文件</Filter>
    </ClInclude>
    <ClInclude Include="include\Switch\System\ArrayTypeMismatchException.hpp">
      <Filter>头文件</Filter>
    </ClInclude>
    <ClInclude Include="include\Switch\System\AsyncCallback.hpp">
      <Filter>头文件</Filter>
    </ClInclude>
    <ClInclude Include="include\Switch\System\BadImageFormatException.hpp">
      <Filter>头文件</Filter>
    </ClInclude>
    <ClInclude Include="include\Switch\System\BitConverter.hpp">
      <Filter>头文件</Filter>
    </ClInclude>
    <ClInclude Include="include\Switch\System\Boolean.hpp">
      <Filter>头文件</Filter>
    </ClInclude>
    <ClInclude Include="include\Switch\System\Buffer.hpp">
      <Filter>头文件</Filter>
    </ClInclude>
    <ClInclude Include="include\Switch\System\Byte.hpp">
      <Filter>头文件</Filter>
    </ClInclude>
    <ClInclude Include="include\Switch\System\CannotUnloadAppDomainException.hpp">
      <Filter>头文件</Filter>
    </ClInclude>
    <ClInclude Include="include\Switch\System\Char.hpp">
      <Filter>头文件</Filter>
    </ClInclude>
    <ClInclude Include="include\Switch\System\CharEnumerator.hpp">
      <Filter>头文件</Filter>
    </ClInclude>
    <ClInclude Include="include\Switch\System\Collections\ArrayList.hpp">
      <Filter>头文件</Filter>
    </ClInclude>
    <ClInclude Include="include\Switch\System\Collections\BitArray.hpp">
      <Filter>头文件</Filter>
    </ClInclude>
    <ClInclude Include="include\Switch\System\Collections\Comparer.hpp">
      <Filter>头文件</Filter>
    </ClInclude>
    <ClInclude Include="include\Switch\System\Collections\Concurrent\ConcurrentQueue.hpp">
      <Filter>头文件</Filter>
    </ClInclude>
    <ClInclude Include="include\Switch\System\Collections\Concurrent\ConcurrentStack.hpp">
      <Filter>头文件</Filter>
    </ClInclude>
    <ClInclude Include="include\Switch\System\Collections\Concurrent\IProducerConsumerCollection.hpp">
      <Filter>头文件</Filter>
    </ClInclude>
    <ClInclude Include="include\Switch\System\Collections\DictionaryEntry.hpp">
      <Filter>头文件</Filter>
    </ClInclude>
    <ClInclude Include="include\Switch\System\Collections\Generic\Comparer.hpp">
      <Filter>头文件</Filter>
    </ClInclude>
    <ClInclude Include="include\Switch\System\Collections\Generic\Dictionary.hpp">
      <Filter>头文件</Filter>
    </ClInclude>
    <ClInclude Include="include\Switch\System\Collections\Generic\GenericException.hpp">
      <Filter>头文件</Filter>
    </ClInclude>
    <ClInclude Include="include\Switch\System\Collections\Generic\HashSet.hpp">
      <Filter>头文件</Filter>
    </ClInclude>
    <ClInclude Include="include\Switch\System\Collections\Generic\ICollection.hpp">
      <Filter>头文件</Filter>
    </ClInclude>
    <ClInclude Include="include\Switch\System\Collections\Generic\IComparer.hpp">
      <Filter>头文件</Filter>
    </ClInclude>
    <ClInclude Include="include\Switch\System\Collections\Generic\IDictionary.hpp">
      <Filter>头文件</Filter>
    </ClInclude>
    <ClInclude Include="include\Switch\System\Collections\Generic\IEnumerable.hpp">
      <Filter>头文件</Filter>
    </ClInclude>
    <ClInclude Include="include\Switch\System\Collections\Generic\IEnumerator.hpp">
      <Filter>头文件</Filter>
    </ClInclude>
    <ClInclude Include="include\Switch\System\Collections\Generic\IList.hpp">
      <Filter>头文件</Filter>
    </ClInclude>
    <ClInclude Include="include\Switch\System\Collections\Generic\KeyValuePair.hpp">
      <Filter>头文件</Filter>
    </ClInclude>
    <ClInclude Include="include\Switch\System\Collections\Generic\List.hpp">
      <Filter>头文件</Filter>
    </ClInclude>
    <ClInclude Include="include\Switch\System\Collections\Hashtable.hpp">
      <Filter>头文件</Filter>
    </ClInclude>
    <ClInclude Include="include\Switch\System\Collections\ICollection.hpp">
      <Filter>头文件</Filter>
    </ClInclude>
    <ClInclude Include="include\Switch\System\Collections\IComparer.hpp">
      <Filter>头文件</Filter>
    </ClInclude>
    <ClInclude Include="include\Switch\System\Collections\IDictionary.hpp">
      <Filter>头文件</Filter>
    </ClInclude>
    <ClInclude Include="include\Switch\System\Collections\IEnumerable.hpp">
      <Filter>头文件</Filter>
    </ClInclude>
    <ClInclude Include="include\Switch\System\Collections\IEnumerator.hpp">
      <Filter>头文件</Filter>
    </ClInclude>
    <ClInclude Include="include\Switch\System\Collections\IList.hpp">
      <Filter>头文件</Filter>
    </ClInclude>
    <ClInclude Include="include\Switch\System\Collections\ObjectModel\Collection.hpp">
      <Filter>头文件</Filter>
    </ClInclude>
    <ClInclude Include="include\Switch\System\Collections\ObjectModel\ReadOnlyCollection.hpp">
      <Filter>头文件</Filter>
    </ClInclude>
    <ClInclude Include="include\Switch\System\Collections\Queue.hpp">
      <Filter>头文件</Filter>
    </ClInclude>
    <ClInclude Include="include\Switch\System\Collections\Stack.hpp">
      <Filter>头文件</Filter>
    </ClInclude>
    <ClInclude Include="include\Switch\System\Comparison.hpp">
      <Filter>头文件</Filter>
    </ClInclude>
    <ClInclude Include="include\Switch\System\Console.hpp">
      <Filter>头文件</Filter>
    </ClInclude>
    <ClInclude Include="include\Switch\System\ConsoleCancelEventArgs.hpp">
      <Filter>头文件</Filter>
    </ClInclude>
    <ClInclude Include="include\Switch\System\ConsoleCancelEventHandler.hpp">
      <Filter>头文件</Filter>
    </ClInclude>
    <ClInclude Include="include\Switch\System\ConsoleColor.hpp">
      <Filter>头文件</Filter>
    </ClInclude>
    <ClInclude Include="include\Switch\System\ConsoleKey.hpp">
      <Filter>头文件</Filter>
    </ClInclude>
    <ClInclude Include="include\Switch\System\ConsoleKeyInfo.hpp">
      <Filter>头文件</Filter>
    </ClInclude>
    <ClInclude Include="include\Switch\System\ConsoleModifiers.hpp">
      <Filter>头文件</Filter>
    </ClInclude>
    <ClInclude Include="include\Switch\System\ConsoleSpecialKey.hpp">
      <Filter>头文件</Filter>
    </ClInclude>
    <ClInclude Include="include\Switch\System\ContextMarshalException.hpp">
      <Filter>头文件</Filter>
    </ClInclude>
    <ClInclude Include="include\Switch\System\Convert.hpp">
      <Filter>头文件</Filter>
    </ClInclude>
    <ClInclude Include="include\Switch\System\Converter.hpp">
      <Filter>头文件</Filter>
    </ClInclude>
    <ClInclude Include="include\Switch\System\DataMisalignedException.hpp">
      <Filter>头文件</Filter>
    </ClInclude>
    <ClInclude Include="include\Switch\System\DateTime.hpp">
      <Filter>头文件</Filter>
    </ClInclude>
    <ClInclude Include="include\Switch\System\DateTimeKind.hpp">
      <Filter>头文件</Filter>
    </ClInclude>
    <ClInclude Include="include\Switch\System\DayOfWeek.hpp">
      <Filter>头文件</Filter>
    </ClInclude>
    <ClInclude Include="include\Switch\System\Decimal.hpp">
      <Filter>头文件</Filter>
    </ClInclude>
    <ClInclude Include="include\Switch\System\Delegate.hpp">
      <Filter>头文件</Filter>
    </ClInclude>
    <ClInclude Include="include\Switch\System\Diagnostics\StackFrame.hpp">
      <Filter>头文件</Filter>
    </ClInclude>
    <ClInclude Include="include\Switch\System\Diagnostics\StackTrace.hpp">
      <Filter>头文件</Filter>
    </ClInclude>
    <ClInclude Include="include\Switch\System\DivideByZeroException.hpp">
      <Filter>头文件</Filter>
    </ClInclude>
    <ClInclude Include="include\Switch\System\DllNotFoundException.hpp">
      <Filter>头文件</Filter>
    </ClInclude>
    <ClInclude Include="include\Switch\System\Double.hpp">
      <Filter>头文件</Filter>
    </ClInclude>
    <ClInclude Include="include\Switch\System\DuplicateWaitObjectException.hpp">
      <Filter>头文件</Filter>
    </ClInclude>
    <ClInclude Include="include\Switch\System\EntryPointNotFoundException.hpp">
      <Filter>头文件</Filter>
    </ClInclude>
    <ClInclude Include="include\Switch\System\Enum.hpp">
      <Filter>头文件</Filter>
    </ClInclude>
    <ClInclude Include="include\Switch\System\Environment.hpp">
      <Filter>头文件</Filter>
    </ClInclude>
    <ClInclude Include="include\Switch\System\EnvironmentVariableTarget.hpp">
      <Filter>头文件</Filter>
    </ClInclude>
    <ClInclude Include="include\Switch\System\EventArgs.hpp">
      <Filter>头文件</Filter>
    </ClInclude>
    <ClInclude Include="include\Switch\System\EventHandler.hpp">
      <Filter>头文件</Filter>
    </ClInclude>
    <ClInclude Include="include\Switch\System\Exception.hpp">
      <Filter>头文件</Filter>
    </ClInclude>
    <ClInclude Include="include\Switch\System\ExecutionEngineException.hpp">
      <Filter>头文件</Filter>
    </ClInclude>
    <ClInclude Include="include\Switch\System\FieldAccessException.hpp">
      <Filter>头文件</Filter>
    </ClInclude>
    <ClInclude Include="include\Switch\System\FormatException.hpp">
      <Filter>头文件</Filter>
    </ClInclude>
    <ClInclude Include="include\Switch\System\FormatProvider.hpp">
      <Filter>头文件</Filter>
    </ClInclude>
    <ClInclude Include="include\Switch\System\Func.hpp">
      <Filter>头文件</Filter>
    </ClInclude>
    <ClInclude Include="include\Switch\System\Globalization\NumberStyles.hpp">
      <Filter>头文件</Filter>
    </ClInclude>
    <ClInclude Include="include\Switch\System\Guid.hpp">
      <Filter>头文件</Filter>
    </ClInclude>
    <ClInclude Include="include\Switch\System\IAsyncResult.hpp">
      <Filter>头文件</Filter>
    </ClInclude>
    <ClInclude Include="include\Switch\System\ICloneable.hpp">
      <Filter>头文件</Filter>
    </ClInclude>
    <ClInclude Include="include\Switch\System\IComparable.hpp">
      <Filter>头文件</Filter>
    </ClInclude>
    <ClInclude Include="include\Switch\System\IConvertible.hpp">
      <Filter>头文件</Filter>
    </ClInclude>
    <ClInclude Include="include\Switch\System\ICustomFormatter.hpp">
      <Filter>头文件</Filter>
    </ClInclude>
    <ClInclude Include="include\Switch\System\IFormatProvider.hpp">
      <Filter>头文件</Filter>
    </ClInclude>
    <ClInclude Include="include\Switch\System\IFormattable.hpp">
      <Filter>头文件</Filter>
    </ClInclude>
    <ClInclude Include="include\Switch\System\IndexOutOfRangeException.hpp">
      <Filter>头文件</Filter>
    </ClInclude>
    <ClInclude Include="include\Switch\System\InsufficientExecutionStackException.hpp">
      <Filter>头文件</Filter>
    </ClInclude>
    <ClInclude Include="include\Switch\System\InsufficientMemoryException.hpp">
      <Filter>头文件</Filter>
    </ClInclude>
    <ClInclude Include="include\Switch\System\Int16.hpp">
      <Filter>头文件</Filter>
    </ClInclude>
    <ClInclude Include="include\Switch\System\Int32.hpp">
      <Filter>头文件</Filter>
    </ClInclude>
    <ClInclude Include="include\Switch\System\Int64.hpp">
      <Filter>头文件</Filter>
    </ClInclude>
    <ClInclude Include="include\Switch\System\IntPtr.hpp">
      <Filter>头文件</Filter>
    </ClInclude>
    <ClInclude Include="include\Switch\System\InvalidCastException.hpp">
      <Filter>头文件</Filter>
    </ClInclude>
    <ClInclude Include="include\Switch\System\InvalidOperationException.hpp">
      <Filter>头文件</Filter>
    </ClInclude>
    <ClInclude Include="include\Switch\System\InvalidProgramException.hpp">
      <Filter>头文件</Filter>
    </ClInclude>
    <ClInclude Include="include\Switch\System\InvalidTimeZoneException.hpp">
      <Filter>头文件</Filter>
    </ClInclude>
    <ClInclude Include="include\Switch\System\IO\BinaryReader.hpp">
      <Filter>头文件</Filter>
    </ClInclude>
    <ClInclude Include="include\Switch\System\IO\BinaryWriter.hpp">
      <Filter>头文件</Filter>
    </ClInclude>
    <ClInclude Include="include\Switch\System\IO\Directory.hpp">
      <Filter>头文件</Filter>
    </ClInclude>
    <ClInclude Include="include\Switch\System\IO\DirectoryInfo.hpp">
      <Filter>头文件</Filter>
    </ClInclude>
    <ClInclude Include="include\Switch\System\IO\DirectoryNotFoundException.hpp">
      <Filter>头文件</Filter>
    </ClInclude>
    <ClInclude Include="include\Switch\System\IO\DriveInfo.hpp">
      <Filter>头文件</Filter>
    </ClInclude>
    <ClInclude Include="include\Switch\System\IO\DriveNotFoundException.hpp">
      <Filter>头文件</Filter>
    </ClInclude>
    <ClInclude Include="include\Switch\System\IO\DriveType.hpp">
      <Filter>头文件</Filter>
    </ClInclude>
    <ClInclude Include="include\Switch\System\IO\EndOfStreamException.hpp">
      <Filter>头文件</Filter>
    </ClInclude>
    <ClInclude Include="include\Switch\System\IO\File.hpp">
      <Filter>头文件</Filter>
    </ClInclude>
    <ClInclude Include="include\Switch\System\IO\FileAccess.hpp">
      <Filter>头文件</Filter>
    </ClInclude>
    <ClInclude Include="include\Switch\System\IO\FileAttributes.hpp">
      <Filter>头文件</Filter>
    </ClInclude>
    <ClInclude Include="include\Switch\System\IO\FileFormatException.hpp">
      <Filter>头文件</Filter>
    </ClInclude>
    <ClInclude Include="include\Switch\System\IO\FileInfo.hpp">
      <Filter>头文件</Filter>
    </ClInclude>
    <ClInclude Include="include\Switch\System\IO\FileLoadException.hpp">
      <Filter>头文件</Filter>
    </ClInclude>
    <ClInclude Include="include\Switch\System\IO\FileMode.hpp">
      <Filter>头文件</Filter>
    </ClInclude>
    <ClInclude Include="include\Switch\System\IO\FileNotFoundException.hpp">
      <Filter>头文件</Filter>
    </ClInclude>
    <ClInclude Include="include\Switch\System\IO\FileShare.hpp">
      <Filter>头文件</Filter>
    </ClInclude>
    <ClInclude Include="include\Switch\System\IO\FileStream.hpp">
      <Filter>头文件</Filter>
    </ClInclude>
    <ClInclude Include="include\Switch\System\IO\FileSystemInfo.hpp">
      <Filter>头文件</Filter>
    </ClInclude>
    <ClInclude Include="include\Switch\System\IO\IOException.hpp">
      <Filter>头文件</Filter>
    </ClInclude>
    <ClInclude Include="include\Switch\System\IO\MemoryStream.hpp">
      <Filter>头文件</Filter>
    </ClInclude>
    <ClInclude Include="include\Switch\System\IO\Path.hpp">
      <Filter>头文件</Filter>
    </ClInclude>
    <ClInclude Include="include\Switch\System\IO\PathTooLongException.hpp">
      <Filter>头文件</Filter>
    </ClInclude>
    <ClInclude Include="include\Switch\System\IO\SeekOrigin.hpp">
      <Filter>头文件</Filter>
    </ClInclude>
    <ClInclude Include="include\Switch\System\IO\Stream.hpp">
      <Filter>头文件</Filter>
    </ClInclude>
    <ClInclude Include="include\Switch\System\IO\StreamReader.hpp">
      <Filter>头文件</Filter>
    </ClInclude>
    <ClInclude Include="include\Switch\System\IO\StreamWriter.hpp">
      <Filter>头文件</Filter>
    </ClInclude>
    <ClInclude Include="include\Switch\System\IO\StringReader.hpp">
      <Filter>头文件</Filter>
    </ClInclude>
    <ClInclude Include="include\Switch\System\IO\StringWriter.hpp">
      <Filter>头文件</Filter>
    </ClInclude>
    <ClInclude Include="include\Switch\System\IO\TextReader.hpp">
      <Filter>头文件</Filter>
    </ClInclude>
    <ClInclude Include="include\Switch\System\IO\TextWriter.hpp">
      <Filter>头文件</Filter>
    </ClInclude>
    <ClInclude Include="include\Switch\System\Linq\Enumerable.hpp">
      <Filter>头文件</Filter>
    </ClInclude>
    <ClInclude Include="include\Switch\System\Linq\Linq.hpp">
      <Filter>头文件</Filter>
    </ClInclude>
    <ClInclude Include="include\Switch\System\Math.hpp">
      <Filter>头文件</Filter>
    </ClInclude>
    <ClInclude Include="include\Switch\System\MemberAccessException.hpp">
      <Filter>头文件</Filter>
    </ClInclude>
    <ClInclude Include="include\Switch\System\MethodAccessException.hpp">
      <Filter>头文件</Filter>
    </ClInclude>
    <ClInclude Include="include\Switch\System\MissingFieldException.hpp">
      <Filter>头文件</Filter>
    </ClInclude>
    <ClInclude Include="include\Switch\System\MissingMemberException.hpp">
      <Filter>头文件</Filter>
    </ClInclude>
    <ClInclude Include="include\Switch\System\MissingMethodException.hpp">
      <Filter>头文件</Filter>
    </ClInclude>
    <ClInclude Include="include\Switch\System\MulticastNotSupportedException.hpp">
      <Filter>头文件</Filter>
    </ClInclude>
    <ClInclude Include="include\Switch\System\NotFiniteNumberException.hpp">
      <Filter>头文件</Filter>
    </ClInclude>
    <ClInclude Include="include\Switch\System\NotImplementedException.hpp">
      <Filter>头文件</Filter>
    </ClInclude>
    <ClInclude Include="include\Switch\System\NotSupportedException.hpp">
      <Filter>头文件</Filter>
    </ClInclude>
    <ClInclude Include="include\Switch\System\Nullable.hpp">
      <Filter>头文件</Filter>
    </ClInclude>
    <ClInclude Include="include\Switch\System\NullPointerException.hpp">
      <Filter>头文件</Filter>
    </ClInclude>
    <ClInclude Include="include\Switch\System\NullReferenceException.hpp">
      <Filter>头文件</Filter>
    </ClInclude>
    <ClInclude Include="include\Switch\System\NumericalFormat.hpp">
      <Filter>头文件</Filter>
    </ClInclude>
    <ClInclude Include="include\Switch\System\NumericalParsing.hpp">
      <Filter>头文件</Filter>
    </ClInclude>
    <ClInclude Include="include\Switch\System\Object.hpp">
      <Filter>头文件</Filter>
    </ClInclude>
    <ClInclude Include="include\Switch\System\ObjectDisposedException.hpp">
      <Filter>头文件</Filter>
    </ClInclude>
    <ClInclude Include="include\Switch\System\OperatingSystem.hpp">
      <Filter>头文件</Filter>
    </ClInclude>
    <ClInclude Include="include\Switch\System\OperationCanceledException.hpp">
      <Filter>头文件</Filter>
    </ClInclude>
    <ClInclude Include="include\Switch\System\OutOfMemoryException.hpp">
      <Filter>头文件</Filter>
    </ClInclude>
    <ClInclude Include="include\Switch\System\OverflowException.hpp">
      <Filter>头文件</Filter>
    </ClInclude>
    <ClInclude Include="include\Switch\System\PlatformID.hpp">
      <Filter>头文件</Filter>
    </ClInclude>
    <ClInclude Include="include\Switch\System\PlatformNotSupportedException.hpp">
      <Filter>头文件</Filter>
    </ClInclude>
    <ClInclude Include="include\Switch\System\Predicate.hpp">
      <Filter>头文件</Filter>
    </ClInclude>
    <ClInclude Include="include\Switch\System\Random.hpp">
      <Filter>头文件</Filter>
    </ClInclude>
    <ClInclude Include="include\Switch\System\RankException.hpp">
      <Filter>头文件</Filter>
    </ClInclude>
    <ClInclude Include="include\Switch\System\Runtime\CompilerServices\Caller.hpp">
      <Filter>头文件</Filter>
    </ClInclude>
    <ClInclude Include="include\Switch\System\Runtime\Serialization\Formatter.hpp">
      <Filter>头文件</Filter>
    </ClInclude>
    <ClInclude Include="include\Switch\System\Runtime\Serialization\IFormatter.hpp">
      <Filter>头文件</Filter>
    </ClInclude>
    <ClInclude Include="include\Switch\System\Runtime\Serialization\ISerializable.hpp">
      <Filter>头文件</Filter>
    </ClInclude>
    <ClInclude Include="include\Switch\System\Runtime\Serialization\SerializationEntry.hpp">
      <Filter>头文件</Filter>
    </ClInclude>
    <ClInclude Include="include\Switch\System\Runtime\Serialization\SerializationException.hpp">
      <Filter>头文件</Filter>
    </ClInclude>
    <ClInclude Include="include\Switch\System\Runtime\Serialization\SerializationInfo.hpp">
      <Filter>头文件</Filter>
    </ClInclude>
    <ClInclude Include="include\Switch\System\Runtime\Serialization\ValueType.hpp">
      <Filter>头文件</Filter>
    </ClInclude>
    <ClInclude Include="include\Switch\System\SByte.hpp">
      <Filter>头文件</Filter>
    </ClInclude>
    <ClInclude Include="include\Switch\System\Security\HostProtectionException.hpp">
      <Filter>头文件</Filter>
    </ClInclude>
    <ClInclude Include="include\Switch\System\Security\SecureString.hpp">
      <Filter>头文件</Filter>
    </ClInclude>
    <ClInclude Include="include\Switch\System\Security\SecurityException.hpp">
      <Filter>头文件</Filter>
    </ClInclude>
    <ClInclude Include="include\Switch\System\Security\VerificationException.hpp">
      <Filter>头文件</Filter>
    </ClInclude>
    <ClInclude Include="include\Switch\System\Security\XmlSyntaxException.hpp">
      <Filter>头文件</Filter>
    </ClInclude>
    <ClInclude Include="include\Switch\System\Single.hpp">
      <Filter>头文件</Filter>
    </ClInclude>
    <ClInclude Include="include\Switch\System\StackOverflowException.hpp">
      <Filter>头文件</Filter>
    </ClInclude>
    <ClInclude Include="include\Switch\System\String.hpp">
      <Filter>头文件</Filter>
    </ClInclude>
    <ClInclude Include="include\Switch\System\StringSplitOptions.hpp">
      <Filter>头文件</Filter>
    </ClInclude>
    <ClInclude Include="include\Switch\System\SystemException.hpp">
      <Filter>头文件</Filter>
    </ClInclude>
    <ClInclude Include="include\Switch\System\Text\ANSIEncoding.hpp">
      <Filter>头文件</Filter>
    </ClInclude>
    <ClInclude Include="include\Switch\System\Text\ASCIIEncoding.hpp">
      <Filter>头文件</Filter>
    </ClInclude>
    <ClInclude Include="include\Switch\System\Text\Decoder.hpp">
      <Filter>头文件</Filter>
    </ClInclude>
    <ClInclude Include="include\Switch\System\Text\Encoder.hpp">
      <Filter>头文件</Filter>
    </ClInclude>
    <ClInclude Include="include\Switch\System\Text\Encoding.hpp">
      <Filter>头文件</Filter>
    </ClInclude>
    <ClInclude Include="include\Switch\System\Text\StringBuilder.hpp">
      <Filter>头文件</Filter>
    </ClInclude>
    <ClInclude Include="include\Switch\System\Text\UnicodeEncoding.hpp">
      <Filter>头文件</Filter>
    </ClInclude>
    <ClInclude Include="include\Switch\System\Text\UTF32Encoding.hpp">
      <Filter>头文件</Filter>
    </ClInclude>
    <ClInclude Include="include\Switch\System\Text\UTF8Encoding.hpp">
      <Filter>头文件</Filter>
    </ClInclude>
    <ClInclude Include="include\Switch\System\Threading\AbandonedMutexException.hpp">
      <Filter>头文件</Filter>
    </ClInclude>
    <ClInclude Include="include\Switch\System\Threading\AutoResetEvent.hpp">
      <Filter>头文件</Filter>
    </ClInclude>
    <ClInclude Include="include\Switch\System\Threading\EventResetMode.hpp">
      <Filter>头文件</Filter>
    </ClInclude>
    <ClInclude Include="include\Switch\System\Threading\EventWaitHandle.hpp">
      <Filter>头文件</Filter>
    </ClInclude>
    <ClInclude Include="include\Switch\System\Threading\Interlocked.hpp">
      <Filter>头文件</Filter>
    </ClInclude>
    <ClInclude Include="include\Switch\System\Threading\LockRecursionException.hpp">
      <Filter>头文件</Filter>
    </ClInclude>
    <ClInclude Include="include\Switch\System\Threading\ManualResetEvent.hpp">
      <Filter>头文件</Filter>
    </ClInclude>
    <ClInclude Include="include\Switch\System\Threading\Monitor.hpp">
      <Filter>头文件</Filter>
    </ClInclude>
    <ClInclude Include="include\Switch\System\Threading\Mutex.hpp">
      <Filter>头文件</Filter>
    </ClInclude>
    <ClInclude Include="include\Switch\System\Threading\ParameterizedThreadStart.hpp">
      <Filter>头文件</Filter>
    </ClInclude>
    <ClInclude Include="include\Switch\System\Threading\RegisteredWaitHandle.hpp">
      <Filter>头文件</Filter>
    </ClInclude>
    <ClInclude Include="include\Switch\System\Threading\SpinLock.hpp">
      <Filter>头文件</Filter>
    </ClInclude>
    <ClInclude Include="include\Switch\System\Threading\SynchronizationLockException.hpp">
      <Filter>头文件</Filter>
    </ClInclude>
    <ClInclude Include="include\Switch\System\Threading\Tasks\ITask.hpp">
      <Filter>头文件</Filter>
    </ClInclude>
    <ClInclude Include="include\Switch\System\Threading\Tasks\Parallel.hpp">
      <Filter>头文件</Filter>
    </ClInclude>
    <ClInclude Include="include\Switch\System\Threading\Tasks\Task.hpp">
      <Filter>头文件</Filter>
    </ClInclude>
    <ClInclude Include="include\Switch\System\Threading\Tasks\TaskFactory.hpp">
      <Filter>头文件</Filter>
    </ClInclude>
    <ClInclude Include="include\Switch\System\Threading\Tasks\TaskStatus.hpp">
      <Filter>头文件</Filter>
    </ClInclude>
    <ClInclude Include="include\Switch\System\Threading\Tasks\TaskTResult.hpp">
      <Filter>头文件</Filter>
    </ClInclude>
    <ClInclude Include="include\Switch\System\Threading\Thread.hpp">
      <Filter>头文件</Filter>
    </ClInclude>
    <ClInclude Include="include\Switch\System\Threading\ThreadAbortException.hpp">
      <Filter>头文件</Filter>
    </ClInclude>
    <ClInclude Include="include\Switch\System\Threading\ThreadInterruptedException.hpp">
      <Filter>头文件</Filter>
    </ClInclude>
    <ClInclude Include="include\Switch\System\Threading\ThreadLocal.hpp">
      <Filter>头文件</Filter>
    </ClInclude>
    <ClInclude Include="include\Switch\System\Threading\ThreadPool.hpp">
      <Filter>头文件</Filter>
    </ClInclude>
    <ClInclude Include="include\Switch\System\Threading\ThreadPriority.hpp">
      <Filter>头文件</Filter>
    </ClInclude>
    <ClInclude Include="include\Switch\System\Threading\ThreadStart.hpp">
      <Filter>头文件</Filter>
    </ClInclude>
    <ClInclude Include="include\Switch\System\Threading\ThreadStartException.hpp">
      <Filter>头文件</Filter>
    </ClInclude>
    <ClInclude Include="include\Switch\System\Threading\ThreadState.hpp">
      <Filter>头文件</Filter>
    </ClInclude>
    <ClInclude Include="include\Switch\System\Threading\ThreadStateException.hpp">
      <Filter>头文件</Filter>
    </ClInclude>
    <ClInclude Include="include\Switch\System\Threading\Timeout.hpp">
      <Filter>头文件</Filter>
    </ClInclude>
    <ClInclude Include="include\Switch\System\Threading\Timer.hpp">
      <Filter>头文件</Filter>
    </ClInclude>
    <ClInclude Include="include\Switch\System\Threading\TimerCallback.hpp">
      <Filter>头文件</Filter>
    </ClInclude>
    <ClInclude Include="include\Switch\System\Threading\WaitCallback.hpp">
      <Filter>头文件</Filter>
    </ClInclude>
    <ClInclude Include="include\Switch\System\Threading\WaitHandle.hpp">
      <Filter>头文件</Filter>
    </ClInclude>
    <ClInclude Include="include\Switch\System\Threading\WaitHandleCannotBeOpenedException.hpp">
      <Filter>头文件</Filter>
    </ClInclude>
    <ClInclude Include="include\Switch\System\Threading\WaitOrTimerCallback.hpp">
      <Filter>头文件</Filter>
    </ClInclude>
    <ClInclude Include="include\Switch\System\TimeoutException.hpp">
      <Filter>头文件</Filter>
    </ClInclude>
    <ClInclude Include="include\Switch\System\TimeSpan.hpp">
      <Filter>头文件</Filter>
    </ClInclude>
    <ClInclude Include="include\Switch\System\TimeZoneInfo.hpp">
      <Filter>头文件</Filter>
    </ClInclude>
    <ClInclude Include="include\Switch\System\TimeZoneNotFoundException.hpp">
      <Filter>头文件</Filter>
    </ClInclude>
    <ClInclude Include="include\Switch\System\Tuple.hpp">
      <Filter>头文件</Filter>
    </ClInclude>
    <ClInclude Include="include\Switch\System\Type.hpp">
      <Filter>头文件</Filter>
    </ClInclude>
    <ClInclude Include="include\Switch\System\TypeAccessException.hpp">
      <Filter>头文件</Filter>
    </ClInclude>
    <ClInclude Include="include\Switch\System\TypeCode.hpp">
      <Filter>头文件</Filter>
    </ClInclude>
    <ClInclude Include="include\Switch\System\TypeInitializationException.hpp">
      <Filter>头文件</Filter>
    </ClInclude>
    <ClInclude Include="include\Switch\System\TypeLoadException.hpp">
      <Filter>头文件</Filter>
    </ClInclude>
    <ClInclude Include="include\Switch\System\TypeUnloadedException.hpp">
      <Filter>头文件</Filter>
    </ClInclude>
    <ClInclude Include="include\Switch\System\UInt16.hpp">
      <Filter>头文件</Filter>
    </ClInclude>
    <ClInclude Include="include\Switch\System\UInt32.hpp">
      <Filter>头文件</Filter>
    </ClInclude>
    <ClInclude Include="include\Switch\System\UInt64.hpp">
      <Filter>头文件</Filter>
    </ClInclude>
    <ClInclude Include="include\Switch\System\UIntPtr.hpp">
      <Filter>头文件</Filter>
    </ClInclude>
    <ClInclude Include="include\Switch\System\UnauthorizedAccessException.hpp">
      <Filter>头文件</Filter>
    </ClInclude>
    <ClInclude Include="include\Switch\System\ValueTuple.hpp">
      <Filter>头文件</Filter>
    </ClInclude>
    <ClInclude Include="include\Switch\System\ValueType.hpp">
      <Filter>头文件</Filter>
    </ClInclude>
    <ClInclude Include="include\Switch\System\Version.hpp">
      <Filter>头文件</Filter>
    </ClInclude>
    <ClInclude Include="include\Switch\System\_String.h">
      <Filter>头文件</Filter>
    </ClInclude>
    <ClInclude Include="include\Switch\System\_String.hpp">
      <Filter>头文件</Filter>
    </ClInclude>
    <ClInclude Include="include\Switch\SystemCoreExport.hpp">
      <Filter>头文件</Filter>
    </ClInclude>
    <ClInclude Include="include\Switch\Types.hpp">
      <Filter>头文件</Filter>
    </ClInclude>
    <ClInclude Include="include\Switch\Undef.hpp">
      <Filter>头文件</Filter>
    </ClInclude>
    <ClInclude Include="include\Switch\Unused.hpp">
      <Filter>头文件</Filter>
    </ClInclude>
    <ClInclude Include="include\Switch\Using.hpp">
      <Filter>头文件</Filter>
    </ClInclude>
    <ClInclude Include="include\Switch\__opaque_function_pointer__.hpp">
      <Filter>头文件</Filter>
    </ClInclude>
    <ClInclude Include="include\Switch\__opaque_lock_guard__.hpp">
      <Filter>头文件</Filter>
    </ClInclude>
    <ClInclude Include="include\Switch\__opaque_unicode_string__.hpp">
      <Filter>头文件</Filter>
    </ClInclude>
    <ClInclude Include="src\Native\Api.hpp">
      <Filter>头文件</Filter>
    </ClInclude>
    <ClInclude Include="src\Switch\System\ArrayAlgorithms.hpp">
      <Filter>头文件</Filter>
    </ClInclude>
    <ClInclude Include="src\Switch\System\SocketInit.hpp">
      <Filter>头文件</Filter>
    </ClInclude>
    <ClInclude Include="src\Switch\System\Threading\NamedHandleCollection.hpp">
      <Filter>头文件</Filter>
    </ClInclude>
    <ClInclude Include="src\Switch\System\__HResults.hpp">
      <Filter>头文件</Filter>
    </ClInclude>
  </ItemGroup>
  <ItemGroup>
    <ClCompile Include="src\Native\ConsoleApiGcc.cpp">
      <Filter>源文件</Filter>
    </ClCompile>
    <ClCompile Include="src\Native\ConsoleApiW32.cpp">
      <Filter>源文件</Filter>
    </ClCompile>
    <ClCompile Include="src\Native\DateTimeApiGcc.cpp">
      <Filter>源文件</Filter>
    </ClCompile>
    <ClCompile Include="src\Native\DateTimeApiW32.cpp">
      <Filter>源文件</Filter>
    </ClCompile>
    <ClCompile Include="src\Native\DirectoryApiGcc.cpp">
      <Filter>源文件</Filter>
    </ClCompile>
    <ClCompile Include="src\Native\DirectoryApiW32.cpp">
      <Filter>源文件</Filter>
    </ClCompile>
    <ClCompile Include="src\Native\DriveApiGcc.cpp">
      <Filter>源文件</Filter>
    </ClCompile>
    <ClCompile Include="src\Native\DriveApiW32.cpp">
      <Filter>源文件</Filter>
    </ClCompile>
    <ClCompile Include="src\Native\EnvironmentApiGcc.cpp">
      <Filter>源文件</Filter>
    </ClCompile>
    <ClCompile Include="src\Native\EnvironmentApiW32.cpp">
      <Filter>源文件</Filter>
    </ClCompile>
    <ClCompile Include="src\Native\EnvironmentVersionApi.cpp">
      <Filter>源文件</Filter>
    </ClCompile>
    <ClCompile Include="src\Native\FormatApi.cpp">
      <Filter>源文件</Filter>
    </ClCompile>
    <ClCompile Include="src\Native\InterlockedApiGcc.cpp">
      <Filter>源文件</Filter>
    </ClCompile>
    <ClCompile Include="src\Native\InterlockedApiW32.cpp">
      <Filter>源文件</Filter>
    </ClCompile>
    <ClCompile Include="src\Native\RegistryApiGcc.cpp">
      <Filter>源文件</Filter>
    </ClCompile>
    <ClCompile Include="src\Native\RegistryApiW32.cpp">
      <Filter>源文件</Filter>
    </ClCompile>
    <ClCompile Include="src\Native\SecurityApi.cpp">
      <Filter>源文件</Filter>
    </ClCompile>
    <ClCompile Include="src\Native\ThreadApiGcc.cpp">
      <Filter>源文件</Filter>
    </ClCompile>
    <ClCompile Include="src\Native\ThreadApiW32.cpp">
      <Filter>源文件</Filter>
    </ClCompile>
    <ClCompile Include="src\Native\TypeApiGcc.cpp">
      <Filter>源文件</Filter>
    </ClCompile>
    <ClCompile Include="src\Native\TypeApiW32.cpp">
      <Filter>源文件</Filter>
    </ClCompile>
    <ClCompile Include="src\Native\UnicodeCharactersApi.cpp">
      <Filter>源文件</Filter>
    </ClCompile>
    <ClCompile Include="src\Native\UnicodeEncodingsApi.cpp">
      <Filter>源文件</Filter>
    </ClCompile>
    <ClCompile Include="src\Switch\Abstract.cpp">
      <Filter>源文件</Filter>
    </ClCompile>
    <ClCompile Include="src\Switch\Any.cpp">
      <Filter>源文件</Filter>
    </ClCompile>
    <ClCompile Include="src\Switch\Await.cpp">
      <Filter>源文件</Filter>
    </ClCompile>
    <ClCompile Include="src\Switch\Boxing.cpp">
      <Filter>源文件</Filter>
    </ClCompile>
    <ClCompile Include="src\Switch\ExceptionPtr.cpp">
      <Filter>源文件</Filter>
    </ClCompile>
    <ClCompile Include="src\Switch\GetHashCode.cpp">
      <Filter>源文件</Filter>
    </ClCompile>
    <ClCompile Include="src\Switch\LiteralOperatorConverter.cpp">
      <Filter>源文件</Filter>
    </ClCompile>
    <ClCompile Include="src\Switch\Microsoft\Win32\RegistryKeyAll.cpp">
      <Filter>源文件</Filter>
    </ClCompile>
    <ClCompile Include="src\Switch\Microsoft\Win32\RegistryKeyWin.cpp">
      <Filter>源文件</Filter>
    </ClCompile>
    <ClCompile Include="src\Switch\Startup.cpp">
      <Filter>源文件</Filter>
    </ClCompile>
    <ClCompile Include="src\Switch\Switch.Core.cpp">
      <Filter>源文件</Filter>
    </ClCompile>
    <ClCompile Include="src\Switch\Switch.System.Core.cpp">
      <Filter>源文件</Filter>
    </ClCompile>
    <ClCompile Include="src\Switch\System\BitConverter.cpp">
      <Filter>源文件</Filter>
    </ClCompile>
    <ClCompile Include="src\Switch\System\Boolean.cpp">
      <Filter>源文件</Filter>
    </ClCompile>
    <ClCompile Include="src\Switch\System\Buffer.cpp">
      <Filter>源文件</Filter>
    </ClCompile>
    <ClCompile Include="src\Switch\System\Byte.cpp">
      <Filter>源文件</Filter>
    </ClCompile>
    <ClCompile Include="src\Switch\System\Char.cpp">
      <Filter>源文件</Filter>
    </ClCompile>
    <ClCompile Include="src\Switch\System\Console.cpp">
      <Filter>源文件</Filter>
    </ClCompile>
    <ClCompile Include="src\Switch\System\Convert.cpp">
      <Filter>源文件</Filter>
    </ClCompile>
    <ClCompile Include="src\Switch\System\DateTime.cpp">
      <Filter>源文件</Filter>
    </ClCompile>
    <ClCompile Include="src\Switch\System\Decimal.cpp">
      <Filter>源文件</Filter>
    </ClCompile>
    <ClCompile Include="src\Switch\System\Diagnostics\StackFrame.cpp">
      <Filter>源文件</Filter>
    </ClCompile>
    <ClCompile Include="src\Switch\System\Diagnostics\StackTrace.cpp">
      <Filter>源文件</Filter>
    </ClCompile>
    <ClCompile Include="src\Switch\System\Double.cpp">
      <Filter>源文件</Filter>
    </ClCompile>
    <ClCompile Include="src\Switch\System\Environment.cpp">
      <Filter>源文件</Filter>
    </ClCompile>
    <ClCompile Include="src\Switch\System\EventArgs.cpp">
      <Filter>源文件</Filter>
    </ClCompile>
    <ClCompile Include="src\Switch\System\Exception.cpp">
      <Filter>源文件</Filter>
    </ClCompile>
    <ClCompile Include="src\Switch\System\Guid.cpp">
      <Filter>源文件</Filter>
    </ClCompile>
    <ClCompile Include="src\Switch\System\Int16.cpp">
      <Filter>源文件</Filter>
    </ClCompile>
    <ClCompile Include="src\Switch\System\Int32.cpp">
      <Filter>源文件</Filter>
    </ClCompile>
    <ClCompile Include="src\Switch\System\Int64.cpp">
      <Filter>源文件</Filter>
    </ClCompile>
    <ClCompile Include="src\Switch\System\IntPtr.cpp">
      <Filter>源文件</Filter>
    </ClCompile>
    <ClCompile Include="src\Switch\System\IO\Directory.cpp">
      <Filter>源文件</Filter>
    </ClCompile>
    <ClCompile Include="src\Switch\System\IO\DirectoryInfo.cpp">
      <Filter>源文件</Filter>
    </ClCompile>
    <ClCompile Include="src\Switch\System\IO\DriveInfo.cpp">
      <Filter>源文件</Filter>
    </ClCompile>
    <ClCompile Include="src\Switch\System\IO\File.cpp">
      <Filter>源文件</Filter>
    </ClCompile>
    <ClCompile Include="src\Switch\System\IO\FileInfo.cpp">
      <Filter>源文件</Filter>
    </ClCompile>
    <ClCompile Include="src\Switch\System\IO\FileStream.cpp">
      <Filter>源文件</Filter>
    </ClCompile>
    <ClCompile Include="src\Switch\System\IO\FileSystemInfo.cpp">
      <Filter>源文件</Filter>
    </ClCompile>
    <ClCompile Include="src\Switch\System\IO\MemoryStream.cpp">
      <Filter>源文件</Filter>
    </ClCompile>
    <ClCompile Include="src\Switch\System\IO\Path.cpp">
      <Filter>源文件</Filter>
    </ClCompile>
    <ClCompile Include="src\Switch\System\IO\Stream.cpp">
      <Filter>源文件</Filter>
    </ClCompile>
    <ClCompile Include="src\Switch\System\IO\StreamReader.cpp">
      <Filter>源文件</Filter>
    </ClCompile>
    <ClCompile Include="src\Switch\System\IO\StreamWriter.cpp">
      <Filter>源文件</Filter>
    </ClCompile>
    <ClCompile Include="src\Switch\System\IO\StringReader.cpp">
      <Filter>源文件</Filter>
    </ClCompile>
    <ClCompile Include="src\Switch\System\IO\StringWriter.cpp">
      <Filter>源文件</Filter>
    </ClCompile>
    <ClCompile Include="src\Switch\System\IO\TextReader.cpp">
      <Filter>源文件</Filter>
    </ClCompile>
    <ClCompile Include="src\Switch\System\IO\TextWriter.cpp">
      <Filter>源文件</Filter>
    </ClCompile>
    <ClCompile Include="src\Switch\System\Linq\Linq.cpp">
      <Filter>源文件</Filter>
    </ClCompile>
    <ClCompile Include="src\Switch\System\Math.cpp">
      <Filter>源文件</Filter>
    </ClCompile>
    <ClCompile Include="src\Switch\System\NumericalFormat.cpp">
      <Filter>源文件</Filter>
    </ClCompile>
    <ClCompile Include="src\Switch\System\NumericalParsing.cpp">
      <Filter>源文件</Filter>
    </ClCompile>
    <ClCompile Include="src\Switch\System\Object.cpp">
      <Filter>源文件</Filter>
    </ClCompile>
    <ClCompile Include="src\Switch\System\Random.cpp">
      <Filter>源文件</Filter>
    </ClCompile>
    <ClCompile Include="src\Switch\System\Runtime\Serialization\SerializationInfo.cpp">
      <Filter>源文件</Filter>
    </ClCompile>
    <ClCompile Include="src\Switch\System\SByte.cpp">
      <Filter>源文件</Filter>
    </ClCompile>
    <ClCompile Include="src\Switch\System\Security\SecureString.cpp">
      <Filter>源文件</Filter>
    </ClCompile>
    <ClCompile Include="src\Switch\System\Single.cpp">
      <Filter>源文件</Filter>
    </ClCompile>
    <ClCompile Include="src\Switch\System\String.cpp">
      <Filter>源文件</Filter>
    </ClCompile>
    <ClCompile Include="src\Switch\System\Text\ANSIEncoding.cpp">
      <Filter>源文件</Filter>
    </ClCompile>
    <ClCompile Include="src\Switch\System\Text\ASCIIEncoding.cpp">
      <Filter>源文件</Filter>
    </ClCompile>
    <ClCompile Include="src\Switch\System\Text\Decoder.cpp">
      <Filter>源文件</Filter>
    </ClCompile>
    <ClCompile Include="src\Switch\System\Text\Encoder.cpp">
      <Filter>源文件</Filter>
    </ClCompile>
    <ClCompile Include="src\Switch\System\Text\Encoding.cpp">
      <Filter>源文件</Filter>
    </ClCompile>
    <ClCompile Include="src\Switch\System\Text\UnicodeEncoding.cpp">
      <Filter>源文件</Filter>
    </ClCompile>
    <ClCompile Include="src\Switch\System\Text\UTF32Encoding.cpp">
      <Filter>源文件</Filter>
    </ClCompile>
    <ClCompile Include="src\Switch\System\Text\UTF8Encoding.cpp">
      <Filter>源文件</Filter>
    </ClCompile>
    <ClCompile Include="src\Switch\System\Threading\EventWaitHandle.cpp">
      <Filter>源文件</Filter>
    </ClCompile>
    <ClCompile Include="src\Switch\System\Threading\Interlocked.cpp">
      <Filter>源文件</Filter>
    </ClCompile>
    <ClCompile Include="src\Switch\System\Threading\Monitor.cpp">
      <Filter>源文件</Filter>
    </ClCompile>
    <ClCompile Include="src\Switch\System\Threading\Mutex.cpp">
      <Filter>源文件</Filter>
    </ClCompile>
    <ClCompile Include="src\Switch\System\Threading\Tasks\Task.cpp">
      <Filter>源文件</Filter>
    </ClCompile>
    <ClCompile Include="src\Switch\System\Threading\Thread.cpp">
      <Filter>源文件</Filter>
    </ClCompile>
    <ClCompile Include="src\Switch\System\Threading\ThreadPool.cpp">
      <Filter>源文件</Filter>
    </ClCompile>
    <ClCompile Include="src\Switch\System\Threading\Timeout.cpp">
      <Filter>源文件</Filter>
    </ClCompile>
    <ClCompile Include="src\Switch\System\Threading\WaitHandle.cpp">
      <Filter>源文件</Filter>
    </ClCompile>
    <ClCompile Include="src\Switch\System\TimeSpan.cpp">
      <Filter>源文件</Filter>
    </ClCompile>
    <ClCompile Include="src\Switch\System\TimeZoneInfo.cpp">
      <Filter>源文件</Filter>
    </ClCompile>
    <ClCompile Include="src\Switch\System\Type.cpp">
      <Filter>源文件</Filter>
    </ClCompile>
    <ClCompile Include="src\Switch\System\UInt16.cpp">
      <Filter>源文件</Filter>
    </ClCompile>
    <ClCompile Include="src\Switch\System\UInt32.cpp">
      <Filter>源文件</Filter>
    </ClCompile>
    <ClCompile Include="src\Switch\System\UInt64.cpp">
      <Filter>源文件</Filter>
    </ClCompile>
    <ClCompile Include="src\Switch\System\UIntPtr.cpp">
      <Filter>源文件</Filter>
    </ClCompile>
    <ClCompile Include="src\Switch\__opaque_lock_guard__.cpp">
      <Filter>源文件</Filter>
    </ClCompile>
    <ClCompile Include="src\Switch\__opaque_unicode_string__.cpp">
      <Filter>源文件</Filter>
    </ClCompile>
  </ItemGroup>
</Project>