<?xml version="1.0" encoding="utf-8"?>
<Project ToolsVersion="4.0" xmlns="http://schemas.microsoft.com/developer/msbuild/2003">
  <ItemGroup>
    <Filter Include="源文件">
      <UniqueIdentifier>{4FC737F1-C7A5-4376-A066-2A32D752A2FF}</UniqueIdentifier>
      <Extensions>cpp;c;cc;cxx;c++;cppm;ixx;def;odl;idl;hpj;bat;asm;asmx</Extensions>
    </Filter>
    <Filter Include="头文件">
      <UniqueIdentifier>{93995380-89BD-4b04-88EB-625FBE52EBFB}</UniqueIdentifier>
      <Extensions>h;hh;hpp;hxx;h++;hm;inl;inc;ipp;xsd</Extensions>
    </Filter>
    <Filter Include="资源文件">
      <UniqueIdentifier>{67DA6AB6-F800-4c08-8B7A-83BB121AAD01}</UniqueIdentifier>
      <Extensions>rc;ico;cur;bmp;dlg;rc2;rct;bin;rgs;gif;jpg;jpeg;jpe;resx;tiff;tif;png;wav;mfcribbon-ms</Extensions>
    </Filter>
    <Filter Include="StackWalker">
      <UniqueIdentifier>{86bf7458-b8f1-4963-81ec-20035999bb82}</UniqueIdentifier>
    </Filter>
  </ItemGroup>
  <ItemGroup>
    <ClInclude Include="call_stack.hpp">
      <Filter>头文件</Filter>
    </ClInclude>
    <ClInclude Include="MapFileInfo.h">
      <Filter>头文件</Filter>
    </ClInclude>
    <ClInclude Include="ModuleInformation.h">
      <Filter>头文件</Filter>
    </ClInclude>
    <ClInclude Include="ProcessInformation.h">
      <Filter>头文件</Filter>
    </ClInclude>
    <ClInclude Include="stack_exception.hpp">
      <Filter>头文件</Filter>
    </ClInclude>
    <ClInclude Include="StackFrame.h">
      <Filter>头文件</Filter>
    </ClInclude>
    <ClInclude Include="ThreadInformation.h">
      <Filter>头文件</Filter>
    </ClInclude>
    <ClInclude Include="StackWalker\StackWalker.h">
      <Filter>StackWalker</Filter>
    </ClInclude>
  </ItemGroup>
  <ItemGroup>
    <ClCompile Include="call_stack_gcc.cpp">
      <Filter>源文件</Filter>
    </ClCompile>
    <ClCompile Include="call_stack_msvc.cpp">
      <Filter>源文件</Filter>
    </ClCompile>
    <ClCompile Include="ModuleInformation.cpp">
      <Filter>源文件</Filter>
    </ClCompile>
    <ClCompile Include="ProcessInformation.cpp">
      <Filter>源文件</Filter>
    </ClCompile>
    <ClCompile Include="StackFrame.cpp">
      <Filter>源文件</Filter>
    </ClCompile>
    <ClCompile Include="ThreadInformation.cpp">
      <Filter>源文件</Filter>
    </ClCompile>
    <ClCompile Include="StackWalker\StackWalker.cpp">
      <Filter>StackWalker</Filter>
    </ClCompile>
  </ItemGroup>
</Project>