<?xml version="1.0" encoding="utf-8"?>
<Project ToolsVersion="4.0" xmlns="http://schemas.microsoft.com/developer/msbuild/2003">
  <ItemGroup>
    <Filter Include="源文件">
      <UniqueIdentifier>{4FC737F1-C7A5-4376-A066-2A32D752A2FF}</UniqueIdentifier>
      <Extensions>cpp;c;cc;cxx;c++;cppm;ixx;def;odl;idl;hpj;bat;asm;asmx</Extensions>
    </Filter>
    <Filter Include="头文件">
      <UniqueIdentifier>{93995380-89BD-4b04-88EB-625FBE52EBFB}</UniqueIdentifier>
      <Extensions>h;hh;hpp;hxx;h++;hm;inl;inc;ipp;xsd</Extensions>
    </Filter>
    <Filter Include="资源文件">
      <UniqueIdentifier>{67DA6AB6-F800-4c08-8B7A-83BB121AAD01}</UniqueIdentifier>
      <Extensions>rc;ico;cur;bmp;dlg;rc2;rct;bin;rgs;gif;jpg;jpeg;jpe;resx;tiff;tif;png;wav;mfcribbon-ms</Extensions>
    </Filter>
  </ItemGroup>
  <ItemGroup>
    <ClInclude Include="include\Switch\Switch.System.hpp">
      <Filter>头文件</Filter>
    </ClInclude>
    <ClInclude Include="include\Switch\System\Collections\Concurrent\ConcurrentBag.hpp">
      <Filter>头文件</Filter>
    </ClInclude>
    <ClInclude Include="include\Switch\System\Collections\Generic\ISet.hpp">
      <Filter>头文件</Filter>
    </ClInclude>
    <ClInclude Include="include\Switch\System\Collections\Generic\LinkedList.hpp">
      <Filter>头文件</Filter>
    </ClInclude>
    <ClInclude Include="include\Switch\System\Collections\Generic\Queue.hpp">
      <Filter>头文件</Filter>
    </ClInclude>
    <ClInclude Include="include\Switch\System\Collections\Generic\SortedDictionary.hpp">
      <Filter>头文件</Filter>
    </ClInclude>
    <ClInclude Include="include\Switch\System\Collections\Generic\SortedSet.hpp">
      <Filter>头文件</Filter>
    </ClInclude>
    <ClInclude Include="include\Switch\System\Collections\Generic\Stack.hpp">
      <Filter>头文件</Filter>
    </ClInclude>
    <ClInclude Include="include\Switch\System\Collections\Specialized\StringCollection.hpp">
      <Filter>头文件</Filter>
    </ClInclude>
    <ClInclude Include="include\Switch\System\Collections\Specialized\StringDictionary.hpp">
      <Filter>头文件</Filter>
    </ClInclude>
    <ClInclude Include="include\Switch\System\Collections\Specialized\StringEnumerator.hpp">
      <Filter>头文件</Filter>
    </ClInclude>
    <ClInclude Include="include\Switch\System\ComponentModel\InvalidEnumArgumentException.hpp">
      <Filter>头文件</Filter>
    </ClInclude>
    <ClInclude Include="include\Switch\System\Diagnostics\ConsoleTraceListener.hpp">
      <Filter>头文件</Filter>
    </ClInclude>
    <ClInclude Include="include\Switch\System\Diagnostics\Debug.hpp">
      <Filter>头文件</Filter>
    </ClInclude>
    <ClInclude Include="include\Switch\System\Diagnostics\DefaultTraceListener.hpp">
      <Filter>头文件</Filter>
    </ClInclude>
    <ClInclude Include="include\Switch\System\Diagnostics\NullTraceListener.hpp">
      <Filter>头文件</Filter>
    </ClInclude>
    <ClInclude Include="include\Switch\System\Diagnostics\Process.hpp">
      <Filter>头文件</Filter>
    </ClInclude>
    <ClInclude Include="include\Switch\System\Diagnostics\ProcessPriorityClass.hpp">
      <Filter>头文件</Filter>
    </ClInclude>
    <ClInclude Include="include\Switch\System\Diagnostics\ProcessStartInfo.hpp">
      <Filter>头文件</Filter>
    </ClInclude>
    <ClInclude Include="include\Switch\System\Diagnostics\ProcessWindowStyle.hpp">
      <Filter>头文件</Filter>
    </ClInclude>
    <ClInclude Include="include\Switch\System\Diagnostics\Stopwatch.hpp">
      <Filter>头文件</Filter>
    </ClInclude>
    <ClInclude Include="include\Switch\System\Diagnostics\TextWriterTraceListener.hpp">
      <Filter>头文件</Filter>
    </ClInclude>
    <ClInclude Include="include\Switch\System\Diagnostics\Trace.hpp">
      <Filter>头文件</Filter>
    </ClInclude>
    <ClInclude Include="include\Switch\System\Diagnostics\TraceEventCache.hpp">
      <Filter>头文件</Filter>
    </ClInclude>
    <ClInclude Include="include\Switch\System\Diagnostics\TraceEventType.hpp">
      <Filter>头文件</Filter>
    </ClInclude>
    <ClInclude Include="include\Switch\System\Diagnostics\TraceFilter.hpp">
      <Filter>头文件</Filter>
    </ClInclude>
    <ClInclude Include="include\Switch\System\Diagnostics\TraceListener.hpp">
      <Filter>头文件</Filter>
    </ClInclude>
    <ClInclude Include="include\Switch\System\Diagnostics\TraceListenerCollection.hpp">
      <Filter>头文件</Filter>
    </ClInclude>
    <ClInclude Include="include\Switch\System\Diagnostics\TraceOptions.hpp">
      <Filter>头文件</Filter>
    </ClInclude>
    <ClInclude Include="include\Switch\System\Diagnostics\TraceSource.hpp">
      <Filter>头文件</Filter>
    </ClInclude>
    <ClInclude Include="include\Switch\System\IO\ErrorEventArgs.hpp">
      <Filter>头文件</Filter>
    </ClInclude>
    <ClInclude Include="include\Switch\System\IO\FileSystemEventArgs.hpp">
      <Filter>头文件</Filter>
    </ClInclude>
    <ClInclude Include="include\Switch\System\IO\InternalBufferOverflowException.hpp">
      <Filter>头文件</Filter>
    </ClInclude>
    <ClInclude Include="include\Switch\System\IO\InvalidDataException.hpp">
      <Filter>头文件</Filter>
    </ClInclude>
    <ClInclude Include="include\Switch\System\IO\Ports\Handshake.hpp">
      <Filter>头文件</Filter>
    </ClInclude>
    <ClInclude Include="include\Switch\System\IO\Ports\Parity.hpp">
      <Filter>头文件</Filter>
    </ClInclude>
    <ClInclude Include="include\Switch\System\IO\Ports\SerialData.hpp">
      <Filter>头文件</Filter>
    </ClInclude>
    <ClInclude Include="include\Switch\System\IO\Ports\SerialDataReceivedEventArgs.hpp">
      <Filter>头文件</Filter>
    </ClInclude>
    <ClInclude Include="include\Switch\System\IO\Ports\SerialDataReceivedEventHandler.hpp">
      <Filter>头文件</Filter>
    </ClInclude>
    <ClInclude Include="include\Switch\System\IO\Ports\SerialError.hpp">
      <Filter>头文件</Filter>
    </ClInclude>
    <ClInclude Include="include\Switch\System\IO\Ports\SerialErrorReceivedEventArgs.hpp">
      <Filter>头文件</Filter>
    </ClInclude>
    <ClInclude Include="include\Switch\System\IO\Ports\SerialErrorReceivedEventHandler.hpp">
      <Filter>头文件</Filter>
    </ClInclude>
    <ClInclude Include="include\Switch\System\IO\Ports\SerialPinChange.hpp">
      <Filter>头文件</Filter>
    </ClInclude>
    <ClInclude Include="include\Switch\System\IO\Ports\SerialPinChangedEventArgs.hpp">
      <Filter>头文件</Filter>
    </ClInclude>
    <ClInclude Include="include\Switch\System\IO\Ports\SerialPinChangedEventHandler.hpp">
      <Filter>头文件</Filter>
    </ClInclude>
    <ClInclude Include="include\Switch\System\IO\Ports\SerialPort.hpp">
      <Filter>头文件</Filter>
    </ClInclude>
    <ClInclude Include="include\Switch\System\IO\Ports\StopBits.hpp">
      <Filter>头文件</Filter>
    </ClInclude>
    <ClInclude Include="include\Switch\System\IO\WatcherChangeTypes.hpp">
      <Filter>头文件</Filter>
    </ClInclude>
    <ClInclude Include="include\Switch\System\Media\SystemSound.hpp">
      <Filter>头文件</Filter>
    </ClInclude>
    <ClInclude Include="include\Switch\System\Media\SystemSounds.hpp">
      <Filter>头文件</Filter>
    </ClInclude>
    <ClInclude Include="include\Switch\System\Net\CookieException.hpp">
      <Filter>头文件</Filter>
    </ClInclude>
    <ClInclude Include="include\Switch\System\Net\Dns.hpp">
      <Filter>头文件</Filter>
    </ClInclude>
    <ClInclude Include="include\Switch\System\Net\DnsEndPoint.hpp">
      <Filter>头文件</Filter>
    </ClInclude>
    <ClInclude Include="include\Switch\System\Net\EndPoint.hpp">
      <Filter>头文件</Filter>
    </ClInclude>
    <ClInclude Include="include\Switch\System\Net\FtpStatusCode.hpp">
      <Filter>头文件</Filter>
    </ClInclude>
    <ClInclude Include="include\Switch\System\Net\FtpWebRequest.hpp">
      <Filter>头文件</Filter>
    </ClInclude>
    <ClInclude Include="include\Switch\System\Net\FtpWebResponse.hpp">
      <Filter>头文件</Filter>
    </ClInclude>
    <ClInclude Include="include\Switch\System\Net\HttpListenerException.hpp">
      <Filter>头文件</Filter>
    </ClInclude>
    <ClInclude Include="include\Switch\System\Net\HttpStatusCode.hpp">
      <Filter>头文件</Filter>
    </ClInclude>
    <ClInclude Include="include\Switch\System\Net\HttpWebRequest.hpp">
      <Filter>头文件</Filter>
    </ClInclude>
    <ClInclude Include="include\Switch\System\Net\HttpWebResponse.hpp">
      <Filter>头文件</Filter>
    </ClInclude>
    <ClInclude Include="include\Switch\System\Net\IPAddress.hpp">
      <Filter>头文件</Filter>
    </ClInclude>
    <ClInclude Include="include\Switch\System\Net\IPEndPoint.hpp">
      <Filter>头文件</Filter>
    </ClInclude>
    <ClInclude Include="include\Switch\System\Net\IPHostEntry.hpp">
      <Filter>头文件</Filter>
    </ClInclude>
    <ClInclude Include="include\Switch\System\Net\NetworkCredential.hpp">
      <Filter>头文件</Filter>
    </ClInclude>
    <ClInclude Include="include\Switch\System\Net\ProtocolViolationException.hpp">
      <Filter>头文件</Filter>
    </ClInclude>
    <ClInclude Include="include\Switch\System\Net\SocketAddress.hpp">
      <Filter>头文件</Filter>
    </ClInclude>
    <ClInclude Include="include\Switch\System\Net\Sockets\AddressFamily.hpp">
      <Filter>头文件</Filter>
    </ClInclude>
    <ClInclude Include="include\Switch\System\Net\Sockets\IOControlCode.hpp">
      <Filter>头文件</Filter>
    </ClInclude>
    <ClInclude Include="include\Switch\System\Net\Sockets\IPv6MulticastOption.hpp">
      <Filter>头文件</Filter>
    </ClInclude>
    <ClInclude Include="include\Switch\System\Net\Sockets\LingerOption.hpp">
      <Filter>头文件</Filter>
    </ClInclude>
    <ClInclude Include="include\Switch\System\Net\Sockets\MulticastOption.hpp">
      <Filter>头文件</Filter>
    </ClInclude>
    <ClInclude Include="include\Switch\System\Net\Sockets\NetworkStream.hpp">
      <Filter>头文件</Filter>
    </ClInclude>
    <ClInclude Include="include\Switch\System\Net\Sockets\ProtocolFamily.hpp">
      <Filter>头文件</Filter>
    </ClInclude>
    <ClInclude Include="include\Switch\System\Net\Sockets\ProtocolType.hpp">
      <Filter>头文件</Filter>
    </ClInclude>
    <ClInclude Include="include\Switch\System\Net\Sockets\SelectMode.hpp">
      <Filter>头文件</Filter>
    </ClInclude>
    <ClInclude Include="include\Switch\System\Net\Sockets\Socket.hpp">
      <Filter>头文件</Filter>
    </ClInclude>
    <ClInclude Include="include\Switch\System\Net\Sockets\SocketError.hpp">
      <Filter>头文件</Filter>
    </ClInclude>
    <ClInclude Include="include\Switch\System\Net\Sockets\SocketException.hpp">
      <Filter>头文件</Filter>
    </ClInclude>
    <ClInclude Include="include\Switch\System\Net\Sockets\SocketFlags.hpp">
      <Filter>头文件</Filter>
    </ClInclude>
    <ClInclude Include="include\Switch\System\Net\Sockets\SocketInformation.hpp">
      <Filter>头文件</Filter>
    </ClInclude>
    <ClInclude Include="include\Switch\System\Net\Sockets\SocketInformationOptions.hpp">
      <Filter>头文件</Filter>
    </ClInclude>
    <ClInclude Include="include\Switch\System\Net\Sockets\SocketOptionLevel.hpp">
      <Filter>头文件</Filter>
    </ClInclude>
    <ClInclude Include="include\Switch\System\Net\Sockets\SocketOptionName.hpp">
      <Filter>头文件</Filter>
    </ClInclude>
    <ClInclude Include="include\Switch\System\Net\Sockets\SocketShutdown.hpp">
      <Filter>头文件</Filter>
    </ClInclude>
    <ClInclude Include="include\Switch\System\Net\Sockets\SocketType.hpp">
      <Filter>头文件</Filter>
    </ClInclude>
    <ClInclude Include="include\Switch\System\Net\Sockets\TcpClient.hpp">
      <Filter>头文件</Filter>
    </ClInclude>
    <ClInclude Include="include\Switch\System\Net\Sockets\TcpListener.hpp">
      <Filter>头文件</Filter>
    </ClInclude>
    <ClInclude Include="include\Switch\System\Net\Sockets\UdpClient.hpp">
      <Filter>头文件</Filter>
    </ClInclude>
    <ClInclude Include="include\Switch\System\Net\WebException.hpp">
      <Filter>头文件</Filter>
    </ClInclude>
    <ClInclude Include="include\Switch\System\Net\WebRequest.hpp">
      <Filter>头文件</Filter>
    </ClInclude>
    <ClInclude Include="include\Switch\System\Net\WebRequestMethods.hpp">
      <Filter>头文件</Filter>
    </ClInclude>
    <ClInclude Include="include\Switch\System\Net\WebResponse.hpp">
      <Filter>头文件</Filter>
    </ClInclude>
    <ClInclude Include="include\Switch\System\Net\WebSockets\ClientWebSocket.hpp">
      <Filter>头文件</Filter>
    </ClInclude>
    <ClInclude Include="include\Switch\System\Net\WebSockets\WebSocket.hpp">
      <Filter>头文件</Filter>
    </ClInclude>
    <ClInclude Include="include\Switch\System\Net\WebSockets\WebSocketCloseStatus.hpp">
      <Filter>头文件</Filter>
    </ClInclude>
    <ClInclude Include="include\Switch\System\Net\WebSockets\WebSocketMessageType.hpp">
      <Filter>头文件</Filter>
    </ClInclude>
    <ClInclude Include="include\Switch\System\Net\WebSockets\WebSocketState.hpp">
      <Filter>头文件</Filter>
    </ClInclude>
    <ClInclude Include="include\Switch\System\Threading\Barrier.hpp">
      <Filter>头文件</Filter>
    </ClInclude>
    <ClInclude Include="include\Switch\System\Threading\BarrierPostPhaseException.hpp">
      <Filter>头文件</Filter>
    </ClInclude>
    <ClInclude Include="include\Switch\System\Threading\Semaphore.hpp">
      <Filter>头文件</Filter>
    </ClInclude>
    <ClInclude Include="include\Switch\System\Threading\SemaphoreFullException.hpp">
      <Filter>头文件</Filter>
    </ClInclude>
    <ClInclude Include="include\Switch\System\Uri.hpp">
      <Filter>头文件</Filter>
    </ClInclude>
    <ClInclude Include="include\Switch\System\UriComponents.hpp">
      <Filter>头文件</Filter>
    </ClInclude>
    <ClInclude Include="include\Switch\System\UriFormat.hpp">
      <Filter>头文件</Filter>
    </ClInclude>
    <ClInclude Include="include\Switch\System\UriFormatException.hpp">
      <Filter>头文件</Filter>
    </ClInclude>
    <ClInclude Include="include\Switch\System\UriHostNameType.hpp">
      <Filter>头文件</Filter>
    </ClInclude>
    <ClInclude Include="include\Switch\System\UriKind.hpp">
      <Filter>头文件</Filter>
    </ClInclude>
    <ClInclude Include="include\Switch\System\UriPartial.hpp">
      <Filter>头文件</Filter>
    </ClInclude>
    <ClInclude Include="include\Switch\System\UriTemplateMatchException.hpp">
      <Filter>头文件</Filter>
    </ClInclude>
    <ClInclude Include="include\Switch\SystemExport.hpp">
      <Filter>头文件</Filter>
    </ClInclude>
    <ClInclude Include="src\Native\Api.hpp">
      <Filter>头文件</Filter>
    </ClInclude>
    <ClInclude Include="src\Switch\System\Threading\NamedHandleCollection.hpp">
      <Filter>头文件</Filter>
    </ClInclude>
  </ItemGroup>
  <ItemGroup>
    <ClCompile Include="src\Native\CurlApi.cpp">
      <Filter>源文件</Filter>
    </ClCompile>
    <ClCompile Include="src\Native\DebuggerApiGcc.cpp">
      <Filter>源文件</Filter>
    </ClCompile>
    <ClCompile Include="src\Native\DebuggerApiW32.cpp">
      <Filter>源文件</Filter>
    </ClCompile>
    <ClCompile Include="src\Native\DnsApi.cpp">
      <Filter>源文件</Filter>
    </ClCompile>
    <ClCompile Include="src\Native\ProcessApiGcc.cpp">
      <Filter>源文件</Filter>
    </ClCompile>
    <ClCompile Include="src\Native\ProcessApiW32.cpp">
      <Filter>源文件</Filter>
    </ClCompile>
    <ClCompile Include="src\Native\SecurityApi.cpp">
      <Filter>源文件</Filter>
    </ClCompile>
    <ClCompile Include="src\Native\SocketApiGcc.cpp">
      <Filter>源文件</Filter>
    </ClCompile>
    <ClCompile Include="src\Native\SocketApiW32.cpp">
      <Filter>源文件</Filter>
    </ClCompile>
    <ClCompile Include="src\Native\SystemSoundApiGtk.cpp">
      <Filter>源文件</Filter>
    </ClCompile>
    <ClCompile Include="src\Native\SystemSoundApiW32.cpp">
      <Filter>源文件</Filter>
    </ClCompile>
    <ClCompile Include="src\Switch\Switch.System.cpp">
      <Filter>源文件</Filter>
    </ClCompile>
    <ClCompile Include="src\Switch\System\Diagnostics\Debug.cpp">
      <Filter>源文件</Filter>
    </ClCompile>
    <ClCompile Include="src\Switch\System\Diagnostics\DefaultTraceListener.cpp">
      <Filter>源文件</Filter>
    </ClCompile>
    <ClCompile Include="src\Switch\System\Diagnostics\Process.cpp">
      <Filter>源文件</Filter>
    </ClCompile>
    <ClCompile Include="src\Switch\System\Diagnostics\ProcessStartInfo.cpp">
      <Filter>源文件</Filter>
    </ClCompile>
    <ClCompile Include="src\Switch\System\Diagnostics\Stopwatch.cpp">
      <Filter>源文件</Filter>
    </ClCompile>
    <ClCompile Include="src\Switch\System\Diagnostics\Trace.cpp">
      <Filter>源文件</Filter>
    </ClCompile>
    <ClCompile Include="src\Switch\System\Diagnostics\TraceSource.cpp">
      <Filter>源文件</Filter>
    </ClCompile>
    <ClCompile Include="src\Switch\System\IO\Ports\SerialPort.cpp">
      <Filter>源文件</Filter>
    </ClCompile>
    <ClCompile Include="src\Switch\System\Media\SystemSound.cpp">
      <Filter>源文件</Filter>
    </ClCompile>
    <ClCompile Include="src\Switch\System\Media\SystemSounds.cpp">
      <Filter>源文件</Filter>
    </ClCompile>
    <ClCompile Include="src\Switch\System\Net\Dns.cpp">
      <Filter>源文件</Filter>
    </ClCompile>
    <ClCompile Include="src\Switch\System\Net\DnsEndPoint.cpp">
      <Filter>源文件</Filter>
    </ClCompile>
    <ClCompile Include="src\Switch\System\Net\EndPoint.cpp">
      <Filter>源文件</Filter>
    </ClCompile>
    <ClCompile Include="src\Switch\System\Net\FtpWebRequest.cpp">
      <Filter>源文件</Filter>
    </ClCompile>
    <ClCompile Include="src\Switch\System\Net\FtpWebResponse.cpp">
      <Filter>源文件</Filter>
    </ClCompile>
    <ClCompile Include="src\Switch\System\Net\HttpWebRequest.cpp">
      <Filter>源文件</Filter>
    </ClCompile>
    <ClCompile Include="src\Switch\System\Net\HttpWebResponse.cpp">
      <Filter>源文件</Filter>
    </ClCompile>
    <ClCompile Include="src\Switch\System\Net\IPAddress.cpp">
      <Filter>源文件</Filter>
    </ClCompile>
    <ClCompile Include="src\Switch\System\Net\IPEndPoint.cpp">
      <Filter>源文件</Filter>
    </ClCompile>
    <ClCompile Include="src\Switch\System\Net\IPHostEntry.cpp">
      <Filter>源文件</Filter>
    </ClCompile>
    <ClCompile Include="src\Switch\System\Net\SocketAddress.cpp">
      <Filter>源文件</Filter>
    </ClCompile>
    <ClCompile Include="src\Switch\System\Net\Sockets\NetworkStream.cpp">
      <Filter>源文件</Filter>
    </ClCompile>
    <ClCompile Include="src\Switch\System\Net\Sockets\Socket.cpp">
      <Filter>源文件</Filter>
    </ClCompile>
    <ClCompile Include="src\Switch\System\Net\Sockets\TcpClient.cpp">
      <Filter>源文件</Filter>
    </ClCompile>
    <ClCompile Include="src\Switch\System\Net\Sockets\TcpListener.cpp">
      <Filter>源文件</Filter>
    </ClCompile>
    <ClCompile Include="src\Switch\System\Net\Sockets\UdpClient.cpp">
      <Filter>源文件</Filter>
    </ClCompile>
    <ClCompile Include="src\Switch\System\Net\WebRequest.cpp">
      <Filter>源文件</Filter>
    </ClCompile>
    <ClCompile Include="src\Switch\System\Net\WebRequestMethods.cpp">
      <Filter>源文件</Filter>
    </ClCompile>
    <ClCompile Include="src\Switch\System\Net\WebResponse.cpp">
      <Filter>源文件</Filter>
    </ClCompile>
    <ClCompile Include="src\Switch\System\Net\WebSockets\ClientWebSocket.cpp">
      <Filter>源文件</Filter>
    </ClCompile>
    <ClCompile Include="src\Switch\System\Net\WebSockets\WebSocket.cpp">
      <Filter>源文件</Filter>
    </ClCompile>
    <ClCompile Include="src\Switch\System\Threading\Semaphore.cpp">
      <Filter>源文件</Filter>
    </ClCompile>
    <ClCompile Include="src\Switch\System\Uri.cpp">
      <Filter>源文件</Filter>
    </ClCompile>
  </ItemGroup>
</Project>